// !$*UTF8*$!
{
	archiveVersion = 1;
	classes = {
	};
	objectVersion = 56;
	objects = {

/* Begin PBXBuildFile section */
		140E88112A64B626005119F8 /* promiseDemoApp.swift in Sources */ = {isa = PBXBuildFile; fileRef = 140E88102A64B626005119F8 /* promiseDemoApp.swift */; };
		140E88132A64B626005119F8 /* ContentView.swift in Sources */ = {isa = PBXBuildFile; fileRef = 140E88122A64B626005119F8 /* ContentView.swift */; };
		140E88152A64B627005119F8 /* Assets.xcassets in Resources */ = {isa = PBXBuildFile; fileRef = 140E88142A64B627005119F8 /* Assets.xcassets */; };
		140E88182A64B627005119F8 /* Preview Assets.xcassets in Resources */ = {isa = PBXBuildFile; fileRef = 140E88172A64B627005119F8 /* Preview Assets.xcassets */; };
		140E88202A64C3A8005119F8 /* ComposableArchitecture in Frameworks */ = {isa = PBXBuildFile; productRef = 140E881F2A64C3A8005119F8 /* ComposableArchitecture */; };
		140E88232A64C3C2005119F8 /* CombineMoya in Frameworks */ = {isa = PBXBuildFile; productRef = 140E88222A64C3C2005119F8 /* CombineMoya */; };
		140E88252A64C3C2005119F8 /* Moya in Frameworks */ = {isa = PBXBuildFile; productRef = 140E88242A64C3C2005119F8 /* Moya */; };
		14134D3D2A64C53E004A6AC4 /* Extensions+temp.swift in Sources */ = {isa = PBXBuildFile; fileRef = 14134D3C2A64C53E004A6AC4 /* Extensions+temp.swift */; };
		14134D402A64C558004A6AC4 /* Model+temp.swift in Sources */ = {isa = PBXBuildFile; fileRef = 14134D3F2A64C558004A6AC4 /* Model+temp.swift */; };
		14134D432A64C573004A6AC4 /* Service+Temp.swift in Sources */ = {isa = PBXBuildFile; fileRef = 14134D422A64C573004A6AC4 /* Service+Temp.swift */; };
		14134D472A64C5A3004A6AC4 /* Features+temp.swift in Sources */ = {isa = PBXBuildFile; fileRef = 14134D462A64C5A3004A6AC4 /* Features+temp.swift */; };
		14134D4B2A64C5F0004A6AC4 /* View+Temp.swift in Sources */ = {isa = PBXBuildFile; fileRef = 14134D4A2A64C5F0004A6AC4 /* View+Temp.swift */; };
		14134D4D2A64C60F004A6AC4 /* Color+Temp.swift in Sources */ = {isa = PBXBuildFile; fileRef = 14134D4C2A64C60F004A6AC4 /* Color+Temp.swift */; };
/* End PBXBuildFile section */

/* Begin PBXFileReference section */
		140E880D2A64B626005119F8 /* promiseDemo.app */ = {isa = PBXFileReference; explicitFileType = wrapper.application; includeInIndex = 0; path = promiseDemo.app; sourceTree = BUILT_PRODUCTS_DIR; };
		140E88102A64B626005119F8 /* promiseDemoApp.swift */ = {isa = PBXFileReference; lastKnownFileType = sourcecode.swift; path = promiseDemoApp.swift; sourceTree = "<group>"; };
		140E88122A64B626005119F8 /* ContentView.swift */ = {isa = PBXFileReference; lastKnownFileType = sourcecode.swift; path = ContentView.swift; sourceTree = "<group>"; };
		140E88142A64B627005119F8 /* Assets.xcassets */ = {isa = PBXFileReference; lastKnownFileType = folder.assetcatalog; path = Assets.xcassets; sourceTree = "<group>"; };
		140E88172A64B627005119F8 /* Preview Assets.xcassets */ = {isa = PBXFileReference; lastKnownFileType = folder.assetcatalog; path = "Preview Assets.xcassets"; sourceTree = "<group>"; };
		14134D3C2A64C53E004A6AC4 /* Extensions+temp.swift */ = {isa = PBXFileReference; lastKnownFileType = sourcecode.swift; path = "Extensions+temp.swift"; sourceTree = "<group>"; };
		14134D3F2A64C558004A6AC4 /* Model+temp.swift */ = {isa = PBXFileReference; lastKnownFileType = sourcecode.swift; path = "Model+temp.swift"; sourceTree = "<group>"; };
		14134D422A64C573004A6AC4 /* Service+Temp.swift */ = {isa = PBXFileReference; lastKnownFileType = sourcecode.swift; path = "Service+Temp.swift"; sourceTree = "<group>"; };
		14134D462A64C5A3004A6AC4 /* Features+temp.swift */ = {isa = PBXFileReference; lastKnownFileType = sourcecode.swift; path = "Features+temp.swift"; sourceTree = "<group>"; };
		14134D4A2A64C5F0004A6AC4 /* View+Temp.swift */ = {isa = PBXFileReference; lastKnownFileType = sourcecode.swift; path = "View+Temp.swift"; sourceTree = "<group>"; };
		14134D4C2A64C60F004A6AC4 /* Color+Temp.swift */ = {isa = PBXFileReference; lastKnownFileType = sourcecode.swift; path = "Color+Temp.swift"; sourceTree = "<group>"; };
/* End PBXFileReference section */

/* Begin PBXFrameworksBuildPhase section */
		140E880A2A64B626005119F8 /* Frameworks */ = {
			isa = PBXFrameworksBuildPhase;
			buildActionMask = 2147483647;
			files = (
				140E88232A64C3C2005119F8 /* CombineMoya in Frameworks */,
				140E88202A64C3A8005119F8 /* ComposableArchitecture in Frameworks */,
				140E88252A64C3C2005119F8 /* Moya in Frameworks */,
			);
			runOnlyForDeploymentPostprocessing = 0;
		};
/* End PBXFrameworksBuildPhase section */

/* Begin PBXGroup section */
		140E88042A64B626005119F8 = {
			isa = PBXGroup;
			children = (
				140E880F2A64B626005119F8 /* promiseDemo */,
				140E880E2A64B626005119F8 /* Products */,
			);
			sourceTree = "<group>";
		};
		140E880E2A64B626005119F8 /* Products */ = {
			isa = PBXGroup;
			children = (
				140E880D2A64B626005119F8 /* promiseDemo.app */,
			);
			name = Products;
			sourceTree = "<group>";
		};
		140E880F2A64B626005119F8 /* promiseDemo */ = {
			isa = PBXGroup;
			children = (
				14134D382A64C4CC004A6AC4 /* Resources */,
				14134D392A64C4ED004A6AC4 /* Sources */,
				14134D3A2A64C50D004A6AC4 /* Core */,
				14134D442A64C57E004A6AC4 /* Features */,
				14134D452A64C582004A6AC4 /* DesignSystem */,
			);
			path = promiseDemo;
			sourceTree = "<group>";
		};
		140E88162A64B627005119F8 /* Preview Content */ = {
			isa = PBXGroup;
			children = (
				140E88172A64B627005119F8 /* Preview Assets.xcassets */,
			);
			path = "Preview Content";
			sourceTree = "<group>";
		};
		14134D382A64C4CC004A6AC4 /* Resources */ = {
			isa = PBXGroup;
			children = (
				140E88162A64B627005119F8 /* Preview Content */,
				140E88142A64B627005119F8 /* Assets.xcassets */,
			);
			path = Resources;
			sourceTree = "<group>";
		};
		14134D392A64C4ED004A6AC4 /* Sources */ = {
			isa = PBXGroup;
			children = (
				140E88102A64B626005119F8 /* promiseDemoApp.swift */,
				140E88122A64B626005119F8 /* ContentView.swift */,
			);
			path = Sources;
			sourceTree = "<group>";
		};
		14134D3A2A64C50D004A6AC4 /* Core */ = {
			isa = PBXGroup;
			children = (
				14134D3B2A64C532004A6AC4 /* Common */,
				14134D3E2A64C54F004A6AC4 /* Models */,
				14134D412A64C561004A6AC4 /* Services */,
			);
			path = Core;
			sourceTree = "<group>";
		};
		14134D3B2A64C532004A6AC4 /* Common */ = {
			isa = PBXGroup;
			children = (
				14134D3C2A64C53E004A6AC4 /* Extensions+temp.swift */,
			);
			path = Common;
			sourceTree = "<group>";
		};
		14134D3E2A64C54F004A6AC4 /* Models */ = {
			isa = PBXGroup;
			children = (
				14134D3F2A64C558004A6AC4 /* Model+temp.swift */,
			);
			path = Models;
			sourceTree = "<group>";
		};
		14134D412A64C561004A6AC4 /* Services */ = {
			isa = PBXGroup;
			children = (
				14134D422A64C573004A6AC4 /* Service+Temp.swift */,
			);
			path = Services;
			sourceTree = "<group>";
		};
		14134D442A64C57E004A6AC4 /* Features */ = {
			isa = PBXGroup;
			children = (
				14134D462A64C5A3004A6AC4 /* Features+temp.swift */,
			);
			path = Features;
			sourceTree = "<group>";
		};
		14134D452A64C582004A6AC4 /* DesignSystem */ = {
			isa = PBXGroup;
			children = (
				14134D482A64C5CD004A6AC4 /* View */,
				14134D492A64C5CF004A6AC4 /* Extension */,
			);
			path = DesignSystem;
			sourceTree = "<group>";
		};
		14134D482A64C5CD004A6AC4 /* View */ = {
			isa = PBXGroup;
			children = (
				14134D4A2A64C5F0004A6AC4 /* View+Temp.swift */,
			);
			path = View;
			sourceTree = "<group>";
		};
		14134D492A64C5CF004A6AC4 /* Extension */ = {
			isa = PBXGroup;
			children = (
				14134D4C2A64C60F004A6AC4 /* Color+Temp.swift */,
			);
			path = Extension;
			sourceTree = "<group>";
		};
/* End PBXGroup section */

/* Begin PBXNativeTarget section */
		140E880C2A64B626005119F8 /* promiseDemo */ = {
			isa = PBXNativeTarget;
			buildConfigurationList = 140E881B2A64B627005119F8 /* Build configuration list for PBXNativeTarget "promiseDemo" */;
			buildPhases = (
				140E88092A64B626005119F8 /* Sources */,
				140E880A2A64B626005119F8 /* Frameworks */,
				140E880B2A64B626005119F8 /* Resources */,
			);
			buildRules = (
			);
			dependencies = (
			);
			name = promiseDemo;
			packageProductDependencies = (
				140E881F2A64C3A8005119F8 /* ComposableArchitecture */,
				140E88222A64C3C2005119F8 /* CombineMoya */,
				140E88242A64C3C2005119F8 /* Moya */,
			);
			productName = promiseDemo;
			productReference = 140E880D2A64B626005119F8 /* promiseDemo.app */;
			productType = "com.apple.product-type.application";
		};
/* End PBXNativeTarget section */

/* Begin PBXProject section */
		140E88052A64B626005119F8 /* Project object */ = {
			isa = PBXProject;
			attributes = {
				BuildIndependentTargetsInParallel = 1;
				LastSwiftUpdateCheck = 1430;
				LastUpgradeCheck = 1430;
				TargetAttributes = {
					140E880C2A64B626005119F8 = {
						CreatedOnToolsVersion = 14.3;
					};
				};
			};
			buildConfigurationList = 140E88082A64B626005119F8 /* Build configuration list for PBXProject "promiseDemo" */;
			compatibilityVersion = "Xcode 14.0";
			developmentRegion = en;
			hasScannedForEncodings = 0;
			knownRegions = (
				en,
				Base,
			);
			mainGroup = 140E88042A64B626005119F8;
			packageReferences = (
				140E881E2A64C3A8005119F8 /* XCRemoteSwiftPackageReference "swift-composable-architecture" */,
				140E88212A64C3C2005119F8 /* XCRemoteSwiftPackageReference "Moya" */,
			);
			productRefGroup = 140E880E2A64B626005119F8 /* Products */;
			projectDirPath = "";
			projectRoot = "";
			targets = (
				140E880C2A64B626005119F8 /* promiseDemo */,
			);
		};
/* End PBXProject section */

/* Begin PBXResourcesBuildPhase section */
		140E880B2A64B626005119F8 /* Resources */ = {
			isa = PBXResourcesBuildPhase;
			buildActionMask = 2147483647;
			files = (
				140E88182A64B627005119F8 /* Preview Assets.xcassets in Resources */,
				140E88152A64B627005119F8 /* Assets.xcassets in Resources */,
			);
			runOnlyForDeploymentPostprocessing = 0;
		};
/* End PBXResourcesBuildPhase section */

/* Begin PBXSourcesBuildPhase section */
		140E88092A64B626005119F8 /* Sources */ = {
			isa = PBXSourcesBuildPhase;
			buildActionMask = 2147483647;
			files = (
				14134D472A64C5A3004A6AC4 /* Features+temp.swift in Sources */,
				14134D3D2A64C53E004A6AC4 /* Extensions+temp.swift in Sources */,
				14134D402A64C558004A6AC4 /* Model+temp.swift in Sources */,
				14134D4D2A64C60F004A6AC4 /* Color+Temp.swift in Sources */,
				14134D4B2A64C5F0004A6AC4 /* View+Temp.swift in Sources */,
				14134D432A64C573004A6AC4 /* Service+Temp.swift in Sources */,
				140E88132A64B626005119F8 /* ContentView.swift in Sources */,
				140E88112A64B626005119F8 /* promiseDemoApp.swift in Sources */,
			);
			runOnlyForDeploymentPostprocessing = 0;
		};
/* End PBXSourcesBuildPhase section */

/* Begin XCBuildConfiguration section */
		140E88192A64B627005119F8 /* Debug */ = {
			isa = XCBuildConfiguration;
			buildSettings = {
				ALWAYS_SEARCH_USER_PATHS = NO;
				CLANG_ANALYZER_NONNULL = YES;
				CLANG_ANALYZER_NUMBER_OBJECT_CONVERSION = YES_AGGRESSIVE;
				CLANG_CXX_LANGUAGE_STANDARD = "gnu++20";
				CLANG_ENABLE_MODULES = YES;
				CLANG_ENABLE_OBJC_ARC = YES;
				CLANG_ENABLE_OBJC_WEAK = YES;
				CLANG_WARN_BLOCK_CAPTURE_AUTORELEASING = YES;
				CLANG_WARN_BOOL_CONVERSION = YES;
				CLANG_WARN_COMMA = YES;
				CLANG_WARN_CONSTANT_CONVERSION = YES;
				CLANG_WARN_DEPRECATED_OBJC_IMPLEMENTATIONS = YES;
				CLANG_WARN_DIRECT_OBJC_ISA_USAGE = YES_ERROR;
				CLANG_WARN_DOCUMENTATION_COMMENTS = YES;
				CLANG_WARN_EMPTY_BODY = YES;
				CLANG_WARN_ENUM_CONVERSION = YES;
				CLANG_WARN_INFINITE_RECURSION = YES;
				CLANG_WARN_INT_CONVERSION = YES;
				CLANG_WARN_NON_LITERAL_NULL_CONVERSION = YES;
				CLANG_WARN_OBJC_IMPLICIT_RETAIN_SELF = YES;
				CLANG_WARN_OBJC_LITERAL_CONVERSION = YES;
				CLANG_WARN_OBJC_ROOT_CLASS = YES_ERROR;
				CLANG_WARN_QUOTED_INCLUDE_IN_FRAMEWORK_HEADER = YES;
				CLANG_WARN_RANGE_LOOP_ANALYSIS = YES;
				CLANG_WARN_STRICT_PROTOTYPES = YES;
				CLANG_WARN_SUSPICIOUS_MOVE = YES;
				CLANG_WARN_UNGUARDED_AVAILABILITY = YES_AGGRESSIVE;
				CLANG_WARN_UNREACHABLE_CODE = YES;
				CLANG_WARN__DUPLICATE_METHOD_MATCH = YES;
				COPY_PHASE_STRIP = NO;
				DEBUG_INFORMATION_FORMAT = dwarf;
				ENABLE_STRICT_OBJC_MSGSEND = YES;
				ENABLE_TESTABILITY = YES;
				GCC_C_LANGUAGE_STANDARD = gnu11;
				GCC_DYNAMIC_NO_PIC = NO;
				GCC_NO_COMMON_BLOCKS = YES;
				GCC_OPTIMIZATION_LEVEL = 0;
				GCC_PREPROCESSOR_DEFINITIONS = (
					"DEBUG=1",
					"$(inherited)",
				);
				GCC_WARN_64_TO_32_BIT_CONVERSION = YES;
				GCC_WARN_ABOUT_RETURN_TYPE = YES_ERROR;
				GCC_WARN_UNDECLARED_SELECTOR = YES;
				GCC_WARN_UNINITIALIZED_AUTOS = YES_AGGRESSIVE;
				GCC_WARN_UNUSED_FUNCTION = YES;
				GCC_WARN_UNUSED_VARIABLE = YES;
				IPHONEOS_DEPLOYMENT_TARGET = 16.0;
				MTL_ENABLE_DEBUG_INFO = INCLUDE_SOURCE;
				MTL_FAST_MATH = YES;
				ONLY_ACTIVE_ARCH = YES;
				SDKROOT = iphoneos;
				SWIFT_ACTIVE_COMPILATION_CONDITIONS = DEBUG;
				SWIFT_OPTIMIZATION_LEVEL = "-Onone";
			};
			name = Debug;
		};
		140E881A2A64B627005119F8 /* Release */ = {
			isa = XCBuildConfiguration;
			buildSettings = {
				ALWAYS_SEARCH_USER_PATHS = NO;
				CLANG_ANALYZER_NONNULL = YES;
				CLANG_ANALYZER_NUMBER_OBJECT_CONVERSION = YES_AGGRESSIVE;
				CLANG_CXX_LANGUAGE_STANDARD = "gnu++20";
				CLANG_ENABLE_MODULES = YES;
				CLANG_ENABLE_OBJC_ARC = YES;
				CLANG_ENABLE_OBJC_WEAK = YES;
				CLANG_WARN_BLOCK_CAPTURE_AUTORELEASING = YES;
				CLANG_WARN_BOOL_CONVERSION = YES;
				CLANG_WARN_COMMA = YES;
				CLANG_WARN_CONSTANT_CONVERSION = YES;
				CLANG_WARN_DEPRECATED_OBJC_IMPLEMENTATIONS = YES;
				CLANG_WARN_DIRECT_OBJC_ISA_USAGE = YES_ERROR;
				CLANG_WARN_DOCUMENTATION_COMMENTS = YES;
				CLANG_WARN_EMPTY_BODY = YES;
				CLANG_WARN_ENUM_CONVERSION = YES;
				CLANG_WARN_INFINITE_RECURSION = YES;
				CLANG_WARN_INT_CONVERSION = YES;
				CLANG_WARN_NON_LITERAL_NULL_CONVERSION = YES;
				CLANG_WARN_OBJC_IMPLICIT_RETAIN_SELF = YES;
				CLANG_WARN_OBJC_LITERAL_CONVERSION = YES;
				CLANG_WARN_OBJC_ROOT_CLASS = YES_ERROR;
				CLANG_WARN_QUOTED_INCLUDE_IN_FRAMEWORK_HEADER = YES;
				CLANG_WARN_RANGE_LOOP_ANALYSIS = YES;
				CLANG_WARN_STRICT_PROTOTYPES = YES;
				CLANG_WARN_SUSPICIOUS_MOVE = YES;
				CLANG_WARN_UNGUARDED_AVAILABILITY = YES_AGGRESSIVE;
				CLANG_WARN_UNREACHABLE_CODE = YES;
				CLANG_WARN__DUPLICATE_METHOD_MATCH = YES;
				COPY_PHASE_STRIP = NO;
				DEBUG_INFORMATION_FORMAT = "dwarf-with-dsym";
				ENABLE_NS_ASSERTIONS = NO;
				ENABLE_STRICT_OBJC_MSGSEND = YES;
				GCC_C_LANGUAGE_STANDARD = gnu11;
				GCC_NO_COMMON_BLOCKS = YES;
				GCC_WARN_64_TO_32_BIT_CONVERSION = YES;
				GCC_WARN_ABOUT_RETURN_TYPE = YES_ERROR;
				GCC_WARN_UNDECLARED_SELECTOR = YES;
				GCC_WARN_UNINITIALIZED_AUTOS = YES_AGGRESSIVE;
				GCC_WARN_UNUSED_FUNCTION = YES;
				GCC_WARN_UNUSED_VARIABLE = YES;
				IPHONEOS_DEPLOYMENT_TARGET = 16.0;
				MTL_ENABLE_DEBUG_INFO = NO;
				MTL_FAST_MATH = YES;
				SDKROOT = iphoneos;
				SWIFT_COMPILATION_MODE = wholemodule;
				SWIFT_OPTIMIZATION_LEVEL = "-O";
				VALIDATE_PRODUCT = YES;
			};
			name = Release;
		};
		140E881C2A64B627005119F8 /* Debug */ = {
			isa = XCBuildConfiguration;
			buildSettings = {
				ASSETCATALOG_COMPILER_APPICON_NAME = AppIcon;
				ASSETCATALOG_COMPILER_GLOBAL_ACCENT_COLOR_NAME = AccentColor;
				CODE_SIGN_STYLE = Automatic;
				CURRENT_PROJECT_VERSION = 1;
				DEVELOPMENT_ASSET_PATHS = "\"promiseDemo/Preview Content\"";
				DEVELOPMENT_TEAM = YK6FBNFSV5;
				ENABLE_PREVIEWS = YES;
				GENERATE_INFOPLIST_FILE = YES;
				INFOPLIST_KEY_UIApplicationSceneManifest_Generation = YES;
				INFOPLIST_KEY_UIApplicationSupportsIndirectInputEvents = YES;
				INFOPLIST_KEY_UILaunchScreen_Generation = YES;
				INFOPLIST_KEY_UISupportedInterfaceOrientations_iPad = "UIInterfaceOrientationPortrait UIInterfaceOrientationPortraitUpsideDown UIInterfaceOrientationLandscapeLeft UIInterfaceOrientationLandscapeRight";
				INFOPLIST_KEY_UISupportedInterfaceOrientations_iPhone = "UIInterfaceOrientationPortrait UIInterfaceOrientationLandscapeLeft UIInterfaceOrientationLandscapeRight";
				LD_RUNPATH_SEARCH_PATHS = (
					"$(inherited)",
					"@executable_path/Frameworks",
				);
				MARKETING_VERSION = 1.0;
				PRODUCT_BUNDLE_IDENTIFIER = com.youtak.promiseDemo;
				PRODUCT_NAME = "$(TARGET_NAME)";
				SUPPORTED_PLATFORMS = "iphoneos iphonesimulator";
				SUPPORTS_MACCATALYST = NO;
				SUPPORTS_MAC_DESIGNED_FOR_IPHONE_IPAD = NO;
				SWIFT_EMIT_LOC_STRINGS = YES;
				SWIFT_VERSION = 5.0;
				TARGETED_DEVICE_FAMILY = 1;
			};
			name = Debug;
		};
		140E881D2A64B627005119F8 /* Release */ = {
			isa = XCBuildConfiguration;
			buildSettings = {
				ASSETCATALOG_COMPILER_APPICON_NAME = AppIcon;
				ASSETCATALOG_COMPILER_GLOBAL_ACCENT_COLOR_NAME = AccentColor;
				CODE_SIGN_STYLE = Automatic;
				CURRENT_PROJECT_VERSION = 1;
				DEVELOPMENT_ASSET_PATHS = "\"promiseDemo/Preview Content\"";
				DEVELOPMENT_TEAM = YK6FBNFSV5;
				ENABLE_PREVIEWS = YES;
				GENERATE_INFOPLIST_FILE = YES;
				INFOPLIST_KEY_UIApplicationSceneManifest_Generation = YES;
				INFOPLIST_KEY_UIApplicationSupportsIndirectInputEvents = YES;
				INFOPLIST_KEY_UILaunchScreen_Generation = YES;
				INFOPLIST_KEY_UISupportedInterfaceOrientations_iPad = "UIInterfaceOrientationPortrait UIInterfaceOrientationPortraitUpsideDown UIInterfaceOrientationLandscapeLeft UIInterfaceOrientationLandscapeRight";
				INFOPLIST_KEY_UISupportedInterfaceOrientations_iPhone = "UIInterfaceOrientationPortrait UIInterfaceOrientationLandscapeLeft UIInterfaceOrientationLandscapeRight";
				LD_RUNPATH_SEARCH_PATHS = (
					"$(inherited)",
					"@executable_path/Frameworks",
				);
				MARKETING_VERSION = 1.0;
				PRODUCT_BUNDLE_IDENTIFIER = com.youtak.promiseDemo;
				PRODUCT_NAME = "$(TARGET_NAME)";
				SUPPORTED_PLATFORMS = "iphoneos iphonesimulator";
				SUPPORTS_MACCATALYST = NO;
				SUPPORTS_MAC_DESIGNED_FOR_IPHONE_IPAD = NO;
				SWIFT_EMIT_LOC_STRINGS = YES;
				SWIFT_VERSION = 5.0;
				TARGETED_DEVICE_FAMILY = 1;
			};
			name = Release;
		};
/* End XCBuildConfiguration section */

/* Begin XCConfigurationList section */
		140E88082A64B626005119F8 /* Build configuration list for PBXProject "promiseDemo" */ = {
			isa = XCConfigurationList;
			buildConfigurations = (
				140E88192A64B627005119F8 /* Debug */,
				140E881A2A64B627005119F8 /* Release */,
			);
			defaultConfigurationIsVisible = 0;
			defaultConfigurationName = Release;
		};
		140E881B2A64B627005119F8 /* Build configuration list for PBXNativeTarget "promiseDemo" */ = {
			isa = XCConfigurationList;
			buildConfigurations = (
				140E881C2A64B627005119F8 /* Debug */,
				140E881D2A64B627005119F8 /* Release */,
			);
			defaultConfigurationIsVisible = 0;
			defaultConfigurationName = Release;
		};
/* End XCConfigurationList section */

/* Begin XCRemoteSwiftPackageReference section */
		140E881E2A64C3A8005119F8 /* XCRemoteSwiftPackageReference "swift-composable-architecture" */ = {
			isa = XCRemoteSwiftPackageReference;
			repositoryURL = "https://github.com/pointfreeco/swift-composable-architecture";
			requirement = {
				kind = upToNextMajorVersion;
				minimumVersion = 0.55.1;
			};
		};
		140E88212A64C3C2005119F8 /* XCRemoteSwiftPackageReference "Moya" */ = {
			isa = XCRemoteSwiftPackageReference;
			repositoryURL = "https://github.com/Moya/Moya";
			requirement = {
				kind = upToNextMajorVersion;
				minimumVersion = 15.0.0;
			};
		};
/* End XCRemoteSwiftPackageReference section */

/* Begin XCSwiftPackageProductDependency section */
		140E881F2A64C3A8005119F8 /* ComposableArchitecture */ = {
			isa = XCSwiftPackageProductDependency;
			package = 140E881E2A64C3A8005119F8 /* XCRemoteSwiftPackageReference "swift-composable-architecture" */;
			productName = ComposableArchitecture;
		};
		140E88222A64C3C2005119F8 /* CombineMoya */ = {
			isa = XCSwiftPackageProductDependency;
			package = 140E88212A64C3C2005119F8 /* XCRemoteSwiftPackageReference "Moya" */;
			productName = CombineMoya;
		};
		140E88242A64C3C2005119F8 /* Moya */ = {
			isa = XCSwiftPackageProductDependency;
			package = 140E88212A64C3C2005119F8 /* XCRemoteSwiftPackageReference "Moya" */;
			productName = Moya;
		};
/* End XCSwiftPackageProductDependency section */
	};
	rootObject = 140E88052A64B626005119F8 /* Project object */;
}
