// !$*UTF8*$!
{
	archiveVersion = 1;
	classes = {
	};
	objectVersion = 56;
	objects = {

/* Begin PBXBuildFile section */
		1406858B2A7B676D00824A93 /* CreateDescription.swift in Sources */ = {isa = PBXBuildFile; fileRef = 1406858A2A7B676D00824A93 /* CreateDescription.swift */; };
		140C54382A74F42900CF1CB4 /* NicknameValidator.swift in Sources */ = {isa = PBXBuildFile; fileRef = 140C54372A74F42900CF1CB4 /* NicknameValidator.swift */; };
		140E88112A64B626005119F8 /* BaggleApp.swift in Sources */ = {isa = PBXBuildFile; fileRef = 140E88102A64B626005119F8 /* BaggleApp.swift */; };
		140E88132A64B626005119F8 /* AppView.swift in Sources */ = {isa = PBXBuildFile; fileRef = 140E88122A64B626005119F8 /* AppView.swift */; };
		140E88152A64B627005119F8 /* Assets.xcassets in Resources */ = {isa = PBXBuildFile; fileRef = 140E88142A64B627005119F8 /* Assets.xcassets */; };
		140E88182A64B627005119F8 /* Preview Assets.xcassets in Resources */ = {isa = PBXBuildFile; fileRef = 140E88172A64B627005119F8 /* Preview Assets.xcassets */; };
		140E88202A64C3A8005119F8 /* ComposableArchitecture in Frameworks */ = {isa = PBXBuildFile; productRef = 140E881F2A64C3A8005119F8 /* ComposableArchitecture */; };
		140E88232A64C3C2005119F8 /* CombineMoya in Frameworks */ = {isa = PBXBuildFile; productRef = 140E88222A64C3C2005119F8 /* CombineMoya */; };
		140E88252A64C3C2005119F8 /* Moya in Frameworks */ = {isa = PBXBuildFile; productRef = 140E88242A64C3C2005119F8 /* Moya */; };
		14134D542A64C944004A6AC4 /* .swiftlint.yml in Resources */ = {isa = PBXBuildFile; fileRef = 14134D522A64C944004A6AC4 /* .swiftlint.yml */; };
		14134D552A64C944004A6AC4 /* .swiftlint.auto.yml in Resources */ = {isa = PBXBuildFile; fileRef = 14134D532A64C944004A6AC4 /* .swiftlint.auto.yml */; };
		1413925E2A78E66600249C8A /* CircleNumberView.swift in Sources */ = {isa = PBXBuildFile; fileRef = 1413925D2A78E66600249C8A /* CircleNumberView.swift */; };
		141392602A78E81D00249C8A /* PageIndicator.swift in Sources */ = {isa = PBXBuildFile; fileRef = 1413925F2A78E81D00249C8A /* PageIndicator.swift */; };
		141392622A78EBD300249C8A /* CreateStatus.swift in Sources */ = {isa = PBXBuildFile; fileRef = 141392612A78EBD300249C8A /* CreateStatus.swift */; };
		141D376F2A681552001067E3 /* MainTabView.swift in Sources */ = {isa = PBXBuildFile; fileRef = 141D376E2A681552001067E3 /* MainTabView.swift */; };
		141D37712A681569001067E3 /* MainTabFeature.swift in Sources */ = {isa = PBXBuildFile; fileRef = 141D37702A681569001067E3 /* MainTabFeature.swift */; };
		1421C0512A7A84A200C20497 /* KakaoLoginService.swift in Sources */ = {isa = PBXBuildFile; fileRef = 1421C0502A7A84A200C20497 /* KakaoLoginService.swift */; };
		142BF96D2A81F50C0042737E /* TimerColor.swift in Sources */ = {isa = PBXBuildFile; fileRef = 142BF96C2A81F50C0042737E /* TimerColor.swift */; };
		14315D862A76B1CB008F8064 /* CreateMemoView.swift in Sources */ = {isa = PBXBuildFile; fileRef = 14315D852A76B1CB008F8064 /* CreateMemoView.swift */; };
		1432BE642A68168A0098AAA9 /* TabType.swift in Sources */ = {isa = PBXBuildFile; fileRef = 1432BE632A68168A0098AAA9 /* TabType.swift */; };
		1432BE662A681A600098AAA9 /* LoginFeature.swift in Sources */ = {isa = PBXBuildFile; fileRef = 1432BE652A681A600098AAA9 /* LoginFeature.swift */; };
		1432BE682A681B630098AAA9 /* AppFeature.swift in Sources */ = {isa = PBXBuildFile; fileRef = 1432BE672A681B630098AAA9 /* AppFeature.swift */; };
		1432BE6D2A682FCB0098AAA9 /* HomeView.swift in Sources */ = {isa = PBXBuildFile; fileRef = 1432BE6C2A682FCB0098AAA9 /* HomeView.swift */; };
		1432BE702A682FDB0098AAA9 /* MyPageView.swift in Sources */ = {isa = PBXBuildFile; fileRef = 1432BE6F2A682FDB0098AAA9 /* MyPageView.swift */; };
		143410542A7E87460024FC75 /* UIImage+.swift in Sources */ = {isa = PBXBuildFile; fileRef = 143410532A7E87460024FC75 /* UIImage+.swift */; };
		143B27022A761FCF00DFC0EE /* CreatePlaceFeature.swift in Sources */ = {isa = PBXBuildFile; fileRef = 143B27012A761FCF00DFC0EE /* CreatePlaceFeature.swift */; };
		143B27052A761FEE00DFC0EE /* CreateDateFeature.swift in Sources */ = {isa = PBXBuildFile; fileRef = 143B27042A761FEE00DFC0EE /* CreateDateFeature.swift */; };
		143B27082A76200200DFC0EE /* CreateMemoFeature.swift in Sources */ = {isa = PBXBuildFile; fileRef = 143B27072A76200200DFC0EE /* CreateMemoFeature.swift */; };
		143B270A2A76214500DFC0EE /* CreatePlaceView.swift in Sources */ = {isa = PBXBuildFile; fileRef = 143B27092A76214500DFC0EE /* CreatePlaceView.swift */; };
		143B270C2A76245F00DFC0EE /* CreateDateView.swift in Sources */ = {isa = PBXBuildFile; fileRef = 143B270B2A76245F00DFC0EE /* CreateDateView.swift */; };
		143B9CF22A77A39A003CC5E5 /* CreateTitleView.swift in Sources */ = {isa = PBXBuildFile; fileRef = 14E4C4B42A6E43CA008643D9 /* CreateTitleView.swift */; };
		14458B442A81E6D000C810FA /* BaggleStamp.swift in Sources */ = {isa = PBXBuildFile; fileRef = 14458B432A81E6D000C810FA /* BaggleStamp.swift */; };
		14458B482A81E92200C810FA /* BaggleStampStatus.swift in Sources */ = {isa = PBXBuildFile; fileRef = 14458B472A81E92200C810FA /* BaggleStampStatus.swift */; };
		144733442A78C8D00090D15E /* BaggleTextEditor.swift in Sources */ = {isa = PBXBuildFile; fileRef = 144733432A78C8D00090D15E /* BaggleTextEditor.swift */; };
		1461B6002A7BA3F000A15706 /* BubbleView.swift in Sources */ = {isa = PBXBuildFile; fileRef = 1461B5FF2A7BA3F000A15706 /* BubbleView.swift */; };
		1461B6022A7BA8C500A15706 /* RoundedTriangle.swift in Sources */ = {isa = PBXBuildFile; fileRef = 1461B6012A7BA8C500A15706 /* RoundedTriangle.swift */; };
		146C51D52A79139900FF3142 /* BaggleDateTests.swift in Sources */ = {isa = PBXBuildFile; fileRef = 146C51D42A79139900FF3142 /* BaggleDateTests.swift */; };
		146C51DD2A7913B400FF3142 /* FirebaseMessaging in Frameworks */ = {isa = PBXBuildFile; productRef = 146C51DC2A7913B400FF3142 /* FirebaseMessaging */; };
		146C51E02A79143A00FF3142 /* Date+.swift in Sources */ = {isa = PBXBuildFile; fileRef = 146C51DF2A79143A00FF3142 /* Date+.swift */; };
		146C51E92A793D3F00FF3142 /* BaggleDatePickerView.swift in Sources */ = {isa = PBXBuildFile; fileRef = 146C51E82A793D3F00FF3142 /* BaggleDatePickerView.swift */; };
		146C51EB2A79406700FF3142 /* BaggleTimePickerView.swift in Sources */ = {isa = PBXBuildFile; fileRef = 146C51EA2A79406700FF3142 /* BaggleTimePickerView.swift */; };
		146C51EE2A79429400FF3142 /* SelectDateFeature.swift in Sources */ = {isa = PBXBuildFile; fileRef = 146C51ED2A79429400FF3142 /* SelectDateFeature.swift */; };
		146C51F02A79429E00FF3142 /* SelectDateView.swift in Sources */ = {isa = PBXBuildFile; fileRef = 146C51EF2A79429E00FF3142 /* SelectDateView.swift */; };
		146C51F22A7950F000FF3142 /* SelectTimeFeature.swift in Sources */ = {isa = PBXBuildFile; fileRef = 146C51F12A7950F000FF3142 /* SelectTimeFeature.swift */; };
		146C51F42A7950F500FF3142 /* SelectTimeView.swift in Sources */ = {isa = PBXBuildFile; fileRef = 146C51F32A7950F500FF3142 /* SelectTimeView.swift */; };
		14783EDD2A7E2F4C00EF58D5 /* Camera.swift in Sources */ = {isa = PBXBuildFile; fileRef = 14783EDC2A7E2F4C00EF58D5 /* Camera.swift */; };
		14783EDF2A7E2FBD00EF58D5 /* CameraSetting.swift in Sources */ = {isa = PBXBuildFile; fileRef = 14783EDE2A7E2FBD00EF58D5 /* CameraSetting.swift */; };
		14783EE22A7E330700EF58D5 /* CameraFeature.swift in Sources */ = {isa = PBXBuildFile; fileRef = 14783EE12A7E330700EF58D5 /* CameraFeature.swift */; };
		14783EE42A7E330D00EF58D5 /* CameraView.swift in Sources */ = {isa = PBXBuildFile; fileRef = 14783EE32A7E330D00EF58D5 /* CameraView.swift */; };
		14783EE62A7E33B600EF58D5 /* CameraService.swift in Sources */ = {isa = PBXBuildFile; fileRef = 14783EE52A7E33B600EF58D5 /* CameraService.swift */; };
		14783EE82A7E340E00EF58D5 /* CIImage+.swift in Sources */ = {isa = PBXBuildFile; fileRef = 14783EE72A7E340E00EF58D5 /* CIImage+.swift */; };
		1478999A2A7A0BC20071DAE3 /* DateInputStatus.swift in Sources */ = {isa = PBXBuildFile; fileRef = 147899992A7A0BC20071DAE3 /* DateInputStatus.swift */; };
		1493A9102A7DE4A500A2D7CC /* TimerFeature.swift in Sources */ = {isa = PBXBuildFile; fileRef = 1493A90F2A7DE4A500A2D7CC /* TimerFeature.swift */; };
		1493A9122A7DE4AB00A2D7CC /* SmallTimerView.swift in Sources */ = {isa = PBXBuildFile; fileRef = 1493A9112A7DE4AB00A2D7CC /* SmallTimerView.swift */; };
		1493A9162A7DE7CB00A2D7CC /* LargeTimerView.swift in Sources */ = {isa = PBXBuildFile; fileRef = 1493A9152A7DE7CB00A2D7CC /* LargeTimerView.swift */; };
		1493A9182A7E01D800A2D7CC /* Int+.swift in Sources */ = {isa = PBXBuildFile; fileRef = 1493A9172A7E01D800A2D7CC /* Int+.swift */; };
		149C0F462A77850500B95A36 /* CreateSuccessFeature.swift in Sources */ = {isa = PBXBuildFile; fileRef = 149C0F452A77850500B95A36 /* CreateSuccessFeature.swift */; };
		149C0F482A77850A00B95A36 /* CreateSuccessView.swift in Sources */ = {isa = PBXBuildFile; fileRef = 149C0F472A77850A00B95A36 /* CreateSuccessView.swift */; };
		14B7A0412A753D4800B8E202 /* SignUpService.swift in Sources */ = {isa = PBXBuildFile; fileRef = 14B7A0402A753D4800B8E202 /* SignUpService.swift */; };
		14B7A0452A75409E00B8E202 /* NetworkError.swift in Sources */ = {isa = PBXBuildFile; fileRef = 14B7A0442A75409E00B8E202 /* NetworkError.swift */; };
		14E0836A2A83690D0001CB21 /* EntityContainer.swift in Sources */ = {isa = PBXBuildFile; fileRef = 14E083692A83690D0001CB21 /* EntityContainer.swift */; };
		14E0836D2A836A8C0001CB21 /* MeetingDetailEntity.swift in Sources */ = {isa = PBXBuildFile; fileRef = 14E0836C2A836A8C0001CB21 /* MeetingDetailEntity.swift */; };
		14E0836F2A836C1D0001CB21 /* MeetingDetailMemberEntity.swift in Sources */ = {isa = PBXBuildFile; fileRef = 14E0836E2A836C1D0001CB21 /* MeetingDetailMemberEntity.swift */; };
		14E083732A836C800001CB21 /* MockUpMeetingDetail.json in Resources */ = {isa = PBXBuildFile; fileRef = 14E083722A836C800001CB21 /* MockUpMeetingDetail.json */; };
		14E4C4B72A6E43CA008643D9 /* CreateTitleFeature.swift in Sources */ = {isa = PBXBuildFile; fileRef = 14E4C4B52A6E43CA008643D9 /* CreateTitleFeature.swift */; };
		14E5064E2A6B88F7008D5778 /* SignUpView.swift in Sources */ = {isa = PBXBuildFile; fileRef = 14E5064D2A6B88F7008D5778 /* SignUpView.swift */; };
		14E506502A6B8913008D5778 /* SignUpFeature.swift in Sources */ = {isa = PBXBuildFile; fileRef = 14E5064F2A6B8913008D5778 /* SignUpFeature.swift */; };
		14E506542A6B8ED3008D5778 /* SignUpSuccessView.swift in Sources */ = {isa = PBXBuildFile; fileRef = 14E506532A6B8ED3008D5778 /* SignUpSuccessView.swift */; };
		14E506582A6BC576008D5778 /* MyPageFeature.swift in Sources */ = {isa = PBXBuildFile; fileRef = 14E506572A6BC576008D5778 /* MyPageFeature.swift */; };
		14E577AA2A80973300119FB3 /* EmergencyFeature.swift in Sources */ = {isa = PBXBuildFile; fileRef = 14E577A92A80973300119FB3 /* EmergencyFeature.swift */; };
		14E577AC2A80973B00119FB3 /* EmergencyView.swift in Sources */ = {isa = PBXBuildFile; fileRef = 14E577AB2A80973B00119FB3 /* EmergencyView.swift */; };
		14EBE4BE2A68130F007537C8 /* LoginView.swift in Sources */ = {isa = PBXBuildFile; fileRef = 14EBE4BD2A68130F007537C8 /* LoginView.swift */; };
		14EDE63E2A77A2AD0004F72B /* SignUpSuccessFeature.swift in Sources */ = {isa = PBXBuildFile; fileRef = 14E506552A6B8F67008D5778 /* SignUpSuccessFeature.swift */; };
		14F055AC2A8220C50041B004 /* BadgeView.swift in Sources */ = {isa = PBXBuildFile; fileRef = 14F055AB2A8220C50041B004 /* BadgeView.swift */; };
		14F2D7AE2A7287AD000ED0EE /* ProfileImageModel.swift in Sources */ = {isa = PBXBuildFile; fileRef = 14F2D7AD2A7287AD000ED0EE /* ProfileImageModel.swift */; };
		14F2D7B12A728A2B000ED0EE /* PhotosPickerItem+loadTransferable.swift in Sources */ = {isa = PBXBuildFile; fileRef = 14F2D7B02A728A2B000ED0EE /* PhotosPickerItem+loadTransferable.swift */; };
		14F2D7B42A728B39000ED0EE /* ProfileImageView.swift in Sources */ = {isa = PBXBuildFile; fileRef = 14F2D7B32A728B39000ED0EE /* ProfileImageView.swift */; };
		14F6D9FC2A80748600C8C19C /* Image+.swift in Sources */ = {isa = PBXBuildFile; fileRef = 14F6D9FB2A80748600C8C19C /* Image+.swift */; };
		14F6D9FE2A807E5B00C8C19C /* Color+.swift in Sources */ = {isa = PBXBuildFile; fileRef = 14F6D9FD2A807E5B00C8C19C /* Color+.swift */; };
		14F7B0962A7BABC30068B1E4 /* BubbleType.swift in Sources */ = {isa = PBXBuildFile; fileRef = 14F7B0952A7BABC30068B1E4 /* BubbleType.swift */; };
		2B2BA5292A7AB67800A90AE7 /* SelectOwnerView.swift in Sources */ = {isa = PBXBuildFile; fileRef = 2B2BA5282A7AB67800A90AE7 /* SelectOwnerView.swift */; };
		2B2BA52B2A7AB6A900A90AE7 /* SelectOwnerFeature.swift in Sources */ = {isa = PBXBuildFile; fileRef = 2B2BA52A2A7AB6A900A90AE7 /* SelectOwnerFeature.swift */; };
		2B2BA52D2A7ABBA000A90AE7 /* MemberInfoView.swift in Sources */ = {isa = PBXBuildFile; fileRef = 2B2BA52C2A7ABBA000A90AE7 /* MemberInfoView.swift */; };
		2B308B8F2A7CCE5A00B9846F /* SegmentedTagView.swift in Sources */ = {isa = PBXBuildFile; fileRef = 2B308B8E2A7CCE5A00B9846F /* SegmentedTagView.swift */; };
		2B308B912A7CDA1400B9846F /* SegmentedPickerView.swift in Sources */ = {isa = PBXBuildFile; fileRef = 2B308B902A7CDA1400B9846F /* SegmentedPickerView.swift */; };
		2B30E33C2A6F9DD500949151 /* UserDefaultWrapper.swift in Sources */ = {isa = PBXBuildFile; fileRef = 2B30E33B2A6F9DD500949151 /* UserDefaultWrapper.swift */; };
		2B30E33E2A6F9DF000949151 /* UserDefaultKeyList.swift in Sources */ = {isa = PBXBuildFile; fileRef = 2B30E33D2A6F9DF000949151 /* UserDefaultKeyList.swift */; };
		2B35E4ED2A70B6DB00915876 /* KakaoSDK in Frameworks */ = {isa = PBXBuildFile; productRef = 2B35E4EC2A70B6DB00915876 /* KakaoSDK */; };
		2B39F21C2A738BB100E034A3 /* SendInvitation.swift in Sources */ = {isa = PBXBuildFile; fileRef = 2B39F21B2A738BB100E034A3 /* SendInvitation.swift */; };
		2B3B64952A8014540082A05F /* FeedListCell.swift in Sources */ = {isa = PBXBuildFile; fileRef = 2B3B64942A8014540082A05F /* FeedListCell.swift */; };
		2B409D7C2A80BE840051A3BC /* Font+.swift in Sources */ = {isa = PBXBuildFile; fileRef = 2B409D7B2A80BE840051A3BC /* Font+.swift */; };
		2B45F2212A7B634400874783 /* MeetingDeleteType.swift in Sources */ = {isa = PBXBuildFile; fileRef = 2B45F2202A7B634400874783 /* MeetingDeleteType.swift */; };
		2B5BE6AF2A779C8E00F25474 /* MeetingDetail.swift in Sources */ = {isa = PBXBuildFile; fileRef = 2B5BE6AE2A779C8E00F25474 /* MeetingDetail.swift */; };
		2B5BE6B22A77A40900F25474 /* MeetingDetailService.swift in Sources */ = {isa = PBXBuildFile; fileRef = 2B5BE6B12A77A40900F25474 /* MeetingDetailService.swift */; };
		2B5CF2682A6EC889004D3033 /* View+.swift in Sources */ = {isa = PBXBuildFile; fileRef = 2B5CF2672A6EC889004D3033 /* View+.swift */; };
		2B604DDA2A7F60E7000E2DE2 /* CircleProfileView.swift in Sources */ = {isa = PBXBuildFile; fileRef = 2B604DD92A7F60E7000E2DE2 /* CircleProfileView.swift */; };
		2B7EC32B2A8228F300D78141 /* Kingfisher in Frameworks */ = {isa = PBXBuildFile; productRef = 2B7EC32A2A8228F300D78141 /* Kingfisher */; };
		2B7EC32D2A822E5B00D78141 /* UINavigationController+.swift in Sources */ = {isa = PBXBuildFile; fileRef = 2B7EC32C2A822E5B00D78141 /* UINavigationController+.swift */; };
		2B7EC32F2A8251DC00D78141 /* HomeStatus.swift in Sources */ = {isa = PBXBuildFile; fileRef = 2B7EC32E2A8251DC00D78141 /* HomeStatus.swift */; };
		2B7EC3322A826F4D00D78141 /* ImageDetailView.swift in Sources */ = {isa = PBXBuildFile; fileRef = 2B7EC3312A826F4D00D78141 /* ImageDetailView.swift */; };
		2B84696A2A6E7AE200D75D32 /* BaggleAlert.swift in Sources */ = {isa = PBXBuildFile; fileRef = 2B84695F2A6E7AE200D75D32 /* BaggleAlert.swift */; };
		2B84696B2A6E7AE200D75D32 /* BaggleTextField.swift in Sources */ = {isa = PBXBuildFile; fileRef = 2B8469612A6E7AE200D75D32 /* BaggleTextField.swift */; };
		2B84696C2A6E7AE200D75D32 /* BaggleTextFieldType.swift in Sources */ = {isa = PBXBuildFile; fileRef = 2B8469622A6E7AE200D75D32 /* BaggleTextFieldType.swift */; };
		2B84696D2A6E7AE200D75D32 /* ShadeView.swift in Sources */ = {isa = PBXBuildFile; fileRef = 2B8469642A6E7AE200D75D32 /* ShadeView.swift */; };
		2B84696E2A6E7AE200D75D32 /* UnderlineView.swift in Sources */ = {isa = PBXBuildFile; fileRef = 2B8469652A6E7AE200D75D32 /* UnderlineView.swift */; };
		2B8469702A6E7AE200D75D32 /* BaggleButtonType.swift in Sources */ = {isa = PBXBuildFile; fileRef = 2B8469682A6E7AE200D75D32 /* BaggleButtonType.swift */; };
		2B8469712A6E7AE200D75D32 /* BaggleButtonStyle.swift in Sources */ = {isa = PBXBuildFile; fileRef = 2B8469692A6E7AE200D75D32 /* BaggleButtonStyle.swift */; };
		2B86CBC02A70F00900800B02 /* HomeFeature.swift in Sources */ = {isa = PBXBuildFile; fileRef = 2B86CBBF2A70F00900800B02 /* HomeFeature.swift */; };
		2B9F27172A813AEA009ED284 /* ProfileBadgeView.swift in Sources */ = {isa = PBXBuildFile; fileRef = 2B9F27162A813AEA009ED284 /* ProfileBadgeView.swift */; };
		2BA345A52A6EB02F00B7E2BD /* BaggleTag.swift in Sources */ = {isa = PBXBuildFile; fileRef = 2BA345A42A6EB02F00B7E2BD /* BaggleTag.swift */; };
		2BA345A72A6EB6BF00B7E2BD /* BaggleTagColor.swift in Sources */ = {isa = PBXBuildFile; fileRef = 2BA345A62A6EB6BF00B7E2BD /* BaggleTagColor.swift */; };
		2BA760B72A81DD4A0089878D /* MeetingStatus.swift in Sources */ = {isa = PBXBuildFile; fileRef = 2BA760B62A81DD4A0089878D /* MeetingStatus.swift */; };
		2BA760BB2A81EB610089878D /* String+.swift in Sources */ = {isa = PBXBuildFile; fileRef = 140C543D2A74F54B00CF1CB4 /* String+.swift */; };
		2BABCB142A76CDA400AFECA3 /* FirebaseAnalytics in Frameworks */ = {isa = PBXBuildFile; productRef = 2BABCB132A76CDA400AFECA3 /* FirebaseAnalytics */; };
		2BABCB162A76CDA400AFECA3 /* FirebaseMessaging in Frameworks */ = {isa = PBXBuildFile; productRef = 2BABCB152A76CDA400AFECA3 /* FirebaseMessaging */; };
		2BABCB192A76CDD400AFECA3 /* Baggle.xcconfig in Resources */ = {isa = PBXBuildFile; fileRef = 2BABCB182A76CDD400AFECA3 /* Baggle.xcconfig */; };
		2BABCB222A76CFDC00AFECA3 /* Notification+Name.swift in Sources */ = {isa = PBXBuildFile; fileRef = 2BABCB212A76CFDC00AFECA3 /* Notification+Name.swift */; };
		2BABCB252A76D03300AFECA3 /* SceneDelegate.swift in Sources */ = {isa = PBXBuildFile; fileRef = 2BABCB232A76D03300AFECA3 /* SceneDelegate.swift */; };
		2BABCB262A76D03300AFECA3 /* AppDelegate.swift in Sources */ = {isa = PBXBuildFile; fileRef = 2BABCB242A76D03300AFECA3 /* AppDelegate.swift */; };
		2BABCB282A76D08400AFECA3 /* PostObserverAction.swift in Sources */ = {isa = PBXBuildFile; fileRef = 2BABCB272A76D08300AFECA3 /* PostObserverAction.swift */; };
		2BABCB2C2A76D1AF00AFECA3 /* MeetingDetailFeature.swift in Sources */ = {isa = PBXBuildFile; fileRef = 2BABCB2A2A76D1AF00AFECA3 /* MeetingDetailFeature.swift */; };
		2BABCB2D2A76D1AF00AFECA3 /* MeetingDetailView.swift in Sources */ = {isa = PBXBuildFile; fileRef = 2BABCB2B2A76D1AF00AFECA3 /* MeetingDetailView.swift */; };
		2BB6BA902A82039300F04188 /* MeetingDetailButtonType.swift in Sources */ = {isa = PBXBuildFile; fileRef = 2BB6BA8F2A82039300F04188 /* MeetingDetailButtonType.swift */; };
		2BCACB7F2A742C9000892D45 /* BaggleTextFeature.swift in Sources */ = {isa = PBXBuildFile; fileRef = 2BCACB7E2A742C9000892D45 /* BaggleTextFeature.swift */; };
		2BD5D5572A6C4EBE0070C196 /* View+Modifier.swift in Sources */ = {isa = PBXBuildFile; fileRef = 2BD5D5562A6C4EBE0070C196 /* View+Modifier.swift */; };
		2BE5299E2A7D697800A53779 /* MeetingListCell.swift in Sources */ = {isa = PBXBuildFile; fileRef = 2BE5299D2A7D697800A53779 /* MeetingListCell.swift */; };
		2BE74F622A7771B700402068 /* GoogleService-Info.plist in Resources */ = {isa = PBXBuildFile; fileRef = 2BE74F612A7771B600402068 /* GoogleService-Info.plist */; };
		2BF268202A77828100F32ADF /* Meeting.swift in Sources */ = {isa = PBXBuildFile; fileRef = 2BF2681F2A77828100F32ADF /* Meeting.swift */; };
		2BF268232A77861300F32ADF /* HomeService.swift in Sources */ = {isa = PBXBuildFile; fileRef = 2BF268222A77861300F32ADF /* HomeService.swift */; };
		2BF6EC1B2A7FF5DC006CA492 /* NavigationBar.swift in Sources */ = {isa = PBXBuildFile; fileRef = 2BF6EC1A2A7FF5DC006CA492 /* NavigationBar.swift */; };
		2BF8F9152A78DFCA00510EFA /* JoinMeetingFeature.swift in Sources */ = {isa = PBXBuildFile; fileRef = 2BF8F9142A78DFCA00510EFA /* JoinMeetingFeature.swift */; };
		2BF8F9172A78DFD700510EFA /* JoinMeetingView.swift in Sources */ = {isa = PBXBuildFile; fileRef = 2BF8F9162A78DFD700510EFA /* JoinMeetingView.swift */; };
/* End PBXBuildFile section */

/* Begin PBXContainerItemProxy section */
		146C51D62A79139900FF3142 /* PBXContainerItemProxy */ = {
			isa = PBXContainerItemProxy;
			containerPortal = 140E88052A64B626005119F8 /* Project object */;
			proxyType = 1;
			remoteGlobalIDString = 140E880C2A64B626005119F8;
			remoteInfo = Baggle;
		};
/* End PBXContainerItemProxy section */

/* Begin PBXFileReference section */
		1406858A2A7B676D00824A93 /* CreateDescription.swift */ = {isa = PBXFileReference; lastKnownFileType = sourcecode.swift; path = CreateDescription.swift; sourceTree = "<group>"; };
		140C54372A74F42900CF1CB4 /* NicknameValidator.swift */ = {isa = PBXFileReference; lastKnownFileType = sourcecode.swift; path = NicknameValidator.swift; sourceTree = "<group>"; };
		140C543D2A74F54B00CF1CB4 /* String+.swift */ = {isa = PBXFileReference; lastKnownFileType = sourcecode.swift; path = "String+.swift"; sourceTree = "<group>"; };
		140E880D2A64B626005119F8 /* Baggle.app */ = {isa = PBXFileReference; explicitFileType = wrapper.application; includeInIndex = 0; path = Baggle.app; sourceTree = BUILT_PRODUCTS_DIR; };
		140E88102A64B626005119F8 /* BaggleApp.swift */ = {isa = PBXFileReference; lastKnownFileType = sourcecode.swift; path = BaggleApp.swift; sourceTree = "<group>"; };
		140E88122A64B626005119F8 /* AppView.swift */ = {isa = PBXFileReference; lastKnownFileType = sourcecode.swift; path = AppView.swift; sourceTree = "<group>"; };
		140E88142A64B627005119F8 /* Assets.xcassets */ = {isa = PBXFileReference; lastKnownFileType = folder.assetcatalog; path = Assets.xcassets; sourceTree = "<group>"; };
		140E88172A64B627005119F8 /* Preview Assets.xcassets */ = {isa = PBXFileReference; lastKnownFileType = folder.assetcatalog; path = "Preview Assets.xcassets"; sourceTree = "<group>"; };
		14134D522A64C944004A6AC4 /* .swiftlint.yml */ = {isa = PBXFileReference; fileEncoding = 4; lastKnownFileType = text.yaml; path = .swiftlint.yml; sourceTree = "<group>"; };
		14134D532A64C944004A6AC4 /* .swiftlint.auto.yml */ = {isa = PBXFileReference; fileEncoding = 4; lastKnownFileType = text.yaml; path = .swiftlint.auto.yml; sourceTree = "<group>"; };
		1413925D2A78E66600249C8A /* CircleNumberView.swift */ = {isa = PBXFileReference; lastKnownFileType = sourcecode.swift; path = CircleNumberView.swift; sourceTree = "<group>"; };
		1413925F2A78E81D00249C8A /* PageIndicator.swift */ = {isa = PBXFileReference; lastKnownFileType = sourcecode.swift; path = PageIndicator.swift; sourceTree = "<group>"; };
		141392612A78EBD300249C8A /* CreateStatus.swift */ = {isa = PBXFileReference; lastKnownFileType = sourcecode.swift; path = CreateStatus.swift; sourceTree = "<group>"; };
		141D376E2A681552001067E3 /* MainTabView.swift */ = {isa = PBXFileReference; lastKnownFileType = sourcecode.swift; path = MainTabView.swift; sourceTree = "<group>"; };
		141D37702A681569001067E3 /* MainTabFeature.swift */ = {isa = PBXFileReference; lastKnownFileType = sourcecode.swift; path = MainTabFeature.swift; sourceTree = "<group>"; };
		1421C0502A7A84A200C20497 /* KakaoLoginService.swift */ = {isa = PBXFileReference; lastKnownFileType = sourcecode.swift; path = KakaoLoginService.swift; sourceTree = "<group>"; };
		142BF96C2A81F50C0042737E /* TimerColor.swift */ = {isa = PBXFileReference; lastKnownFileType = sourcecode.swift; path = TimerColor.swift; sourceTree = "<group>"; };
		14315D852A76B1CB008F8064 /* CreateMemoView.swift */ = {isa = PBXFileReference; lastKnownFileType = sourcecode.swift; path = CreateMemoView.swift; sourceTree = "<group>"; };
		1432BE632A68168A0098AAA9 /* TabType.swift */ = {isa = PBXFileReference; lastKnownFileType = sourcecode.swift; path = TabType.swift; sourceTree = "<group>"; };
		1432BE652A681A600098AAA9 /* LoginFeature.swift */ = {isa = PBXFileReference; lastKnownFileType = sourcecode.swift; path = LoginFeature.swift; sourceTree = "<group>"; };
		1432BE672A681B630098AAA9 /* AppFeature.swift */ = {isa = PBXFileReference; lastKnownFileType = sourcecode.swift; path = AppFeature.swift; sourceTree = "<group>"; };
		1432BE6C2A682FCB0098AAA9 /* HomeView.swift */ = {isa = PBXFileReference; lastKnownFileType = sourcecode.swift; path = HomeView.swift; sourceTree = "<group>"; };
		1432BE6F2A682FDB0098AAA9 /* MyPageView.swift */ = {isa = PBXFileReference; lastKnownFileType = sourcecode.swift; path = MyPageView.swift; sourceTree = "<group>"; };
		143410532A7E87460024FC75 /* UIImage+.swift */ = {isa = PBXFileReference; lastKnownFileType = sourcecode.swift; path = "UIImage+.swift"; sourceTree = "<group>"; };
		143B27012A761FCF00DFC0EE /* CreatePlaceFeature.swift */ = {isa = PBXFileReference; lastKnownFileType = sourcecode.swift; path = CreatePlaceFeature.swift; sourceTree = "<group>"; };
		143B27042A761FEE00DFC0EE /* CreateDateFeature.swift */ = {isa = PBXFileReference; lastKnownFileType = sourcecode.swift; path = CreateDateFeature.swift; sourceTree = "<group>"; };
		143B27072A76200200DFC0EE /* CreateMemoFeature.swift */ = {isa = PBXFileReference; lastKnownFileType = sourcecode.swift; path = CreateMemoFeature.swift; sourceTree = "<group>"; };
		143B27092A76214500DFC0EE /* CreatePlaceView.swift */ = {isa = PBXFileReference; lastKnownFileType = sourcecode.swift; path = CreatePlaceView.swift; sourceTree = "<group>"; };
		143B270B2A76245F00DFC0EE /* CreateDateView.swift */ = {isa = PBXFileReference; lastKnownFileType = sourcecode.swift; path = CreateDateView.swift; sourceTree = "<group>"; };
		14458B432A81E6D000C810FA /* BaggleStamp.swift */ = {isa = PBXFileReference; lastKnownFileType = sourcecode.swift; path = BaggleStamp.swift; sourceTree = "<group>"; };
		14458B472A81E92200C810FA /* BaggleStampStatus.swift */ = {isa = PBXFileReference; lastKnownFileType = sourcecode.swift; path = BaggleStampStatus.swift; sourceTree = "<group>"; };
		144733432A78C8D00090D15E /* BaggleTextEditor.swift */ = {isa = PBXFileReference; lastKnownFileType = sourcecode.swift; path = BaggleTextEditor.swift; sourceTree = "<group>"; };
		1461B5FF2A7BA3F000A15706 /* BubbleView.swift */ = {isa = PBXFileReference; lastKnownFileType = sourcecode.swift; path = BubbleView.swift; sourceTree = "<group>"; };
		1461B6012A7BA8C500A15706 /* RoundedTriangle.swift */ = {isa = PBXFileReference; lastKnownFileType = sourcecode.swift; path = RoundedTriangle.swift; sourceTree = "<group>"; };
		146C51D22A79139900FF3142 /* BaggleTests.xctest */ = {isa = PBXFileReference; explicitFileType = wrapper.cfbundle; includeInIndex = 0; path = BaggleTests.xctest; sourceTree = BUILT_PRODUCTS_DIR; };
		146C51D42A79139900FF3142 /* BaggleDateTests.swift */ = {isa = PBXFileReference; lastKnownFileType = sourcecode.swift; path = BaggleDateTests.swift; sourceTree = "<group>"; };
		146C51DF2A79143A00FF3142 /* Date+.swift */ = {isa = PBXFileReference; lastKnownFileType = sourcecode.swift; path = "Date+.swift"; sourceTree = "<group>"; };
		146C51E82A793D3F00FF3142 /* BaggleDatePickerView.swift */ = {isa = PBXFileReference; lastKnownFileType = sourcecode.swift; path = BaggleDatePickerView.swift; sourceTree = "<group>"; };
		146C51EA2A79406700FF3142 /* BaggleTimePickerView.swift */ = {isa = PBXFileReference; lastKnownFileType = sourcecode.swift; path = BaggleTimePickerView.swift; sourceTree = "<group>"; };
		146C51ED2A79429400FF3142 /* SelectDateFeature.swift */ = {isa = PBXFileReference; lastKnownFileType = sourcecode.swift; path = SelectDateFeature.swift; sourceTree = "<group>"; };
		146C51EF2A79429E00FF3142 /* SelectDateView.swift */ = {isa = PBXFileReference; lastKnownFileType = sourcecode.swift; path = SelectDateView.swift; sourceTree = "<group>"; };
		146C51F12A7950F000FF3142 /* SelectTimeFeature.swift */ = {isa = PBXFileReference; lastKnownFileType = sourcecode.swift; path = SelectTimeFeature.swift; sourceTree = "<group>"; };
		146C51F32A7950F500FF3142 /* SelectTimeView.swift */ = {isa = PBXFileReference; lastKnownFileType = sourcecode.swift; path = SelectTimeView.swift; sourceTree = "<group>"; };
		14783EDC2A7E2F4C00EF58D5 /* Camera.swift */ = {isa = PBXFileReference; lastKnownFileType = sourcecode.swift; path = Camera.swift; sourceTree = "<group>"; };
		14783EDE2A7E2FBD00EF58D5 /* CameraSetting.swift */ = {isa = PBXFileReference; lastKnownFileType = sourcecode.swift; path = CameraSetting.swift; sourceTree = "<group>"; };
		14783EE12A7E330700EF58D5 /* CameraFeature.swift */ = {isa = PBXFileReference; lastKnownFileType = sourcecode.swift; path = CameraFeature.swift; sourceTree = "<group>"; };
		14783EE32A7E330D00EF58D5 /* CameraView.swift */ = {isa = PBXFileReference; lastKnownFileType = sourcecode.swift; path = CameraView.swift; sourceTree = "<group>"; };
		14783EE52A7E33B600EF58D5 /* CameraService.swift */ = {isa = PBXFileReference; lastKnownFileType = sourcecode.swift; path = CameraService.swift; sourceTree = "<group>"; };
		14783EE72A7E340E00EF58D5 /* CIImage+.swift */ = {isa = PBXFileReference; lastKnownFileType = sourcecode.swift; path = "CIImage+.swift"; sourceTree = "<group>"; };
		147899992A7A0BC20071DAE3 /* DateInputStatus.swift */ = {isa = PBXFileReference; lastKnownFileType = sourcecode.swift; path = DateInputStatus.swift; sourceTree = "<group>"; };
		1493A90F2A7DE4A500A2D7CC /* TimerFeature.swift */ = {isa = PBXFileReference; lastKnownFileType = sourcecode.swift; path = TimerFeature.swift; sourceTree = "<group>"; };
		1493A9112A7DE4AB00A2D7CC /* SmallTimerView.swift */ = {isa = PBXFileReference; lastKnownFileType = sourcecode.swift; path = SmallTimerView.swift; sourceTree = "<group>"; };
		1493A9152A7DE7CB00A2D7CC /* LargeTimerView.swift */ = {isa = PBXFileReference; lastKnownFileType = sourcecode.swift; path = LargeTimerView.swift; sourceTree = "<group>"; };
		1493A9172A7E01D800A2D7CC /* Int+.swift */ = {isa = PBXFileReference; lastKnownFileType = sourcecode.swift; path = "Int+.swift"; sourceTree = "<group>"; };
		149C0F452A77850500B95A36 /* CreateSuccessFeature.swift */ = {isa = PBXFileReference; lastKnownFileType = sourcecode.swift; path = CreateSuccessFeature.swift; sourceTree = "<group>"; };
		149C0F472A77850A00B95A36 /* CreateSuccessView.swift */ = {isa = PBXFileReference; lastKnownFileType = sourcecode.swift; path = CreateSuccessView.swift; sourceTree = "<group>"; };
		14B7A0402A753D4800B8E202 /* SignUpService.swift */ = {isa = PBXFileReference; lastKnownFileType = sourcecode.swift; path = SignUpService.swift; sourceTree = "<group>"; };
		14B7A0442A75409E00B8E202 /* NetworkError.swift */ = {isa = PBXFileReference; lastKnownFileType = sourcecode.swift; path = NetworkError.swift; sourceTree = "<group>"; };
		14E083692A83690D0001CB21 /* EntityContainer.swift */ = {isa = PBXFileReference; lastKnownFileType = sourcecode.swift; path = EntityContainer.swift; sourceTree = "<group>"; };
		14E0836C2A836A8C0001CB21 /* MeetingDetailEntity.swift */ = {isa = PBXFileReference; lastKnownFileType = sourcecode.swift; path = MeetingDetailEntity.swift; sourceTree = "<group>"; };
		14E0836E2A836C1D0001CB21 /* MeetingDetailMemberEntity.swift */ = {isa = PBXFileReference; lastKnownFileType = sourcecode.swift; path = MeetingDetailMemberEntity.swift; sourceTree = "<group>"; };
		14E083722A836C800001CB21 /* MockUpMeetingDetail.json */ = {isa = PBXFileReference; lastKnownFileType = text.json; path = MockUpMeetingDetail.json; sourceTree = "<group>"; };
		14E4C4B42A6E43CA008643D9 /* CreateTitleView.swift */ = {isa = PBXFileReference; fileEncoding = 4; lastKnownFileType = sourcecode.swift; path = CreateTitleView.swift; sourceTree = "<group>"; };
		14E4C4B52A6E43CA008643D9 /* CreateTitleFeature.swift */ = {isa = PBXFileReference; fileEncoding = 4; lastKnownFileType = sourcecode.swift; path = CreateTitleFeature.swift; sourceTree = "<group>"; };
		14E5064D2A6B88F7008D5778 /* SignUpView.swift */ = {isa = PBXFileReference; lastKnownFileType = sourcecode.swift; path = SignUpView.swift; sourceTree = "<group>"; };
		14E5064F2A6B8913008D5778 /* SignUpFeature.swift */ = {isa = PBXFileReference; lastKnownFileType = sourcecode.swift; path = SignUpFeature.swift; sourceTree = "<group>"; };
		14E506532A6B8ED3008D5778 /* SignUpSuccessView.swift */ = {isa = PBXFileReference; lastKnownFileType = sourcecode.swift; path = SignUpSuccessView.swift; sourceTree = "<group>"; };
		14E506552A6B8F67008D5778 /* SignUpSuccessFeature.swift */ = {isa = PBXFileReference; lastKnownFileType = sourcecode.swift; path = SignUpSuccessFeature.swift; sourceTree = "<group>"; };
		14E506572A6BC576008D5778 /* MyPageFeature.swift */ = {isa = PBXFileReference; lastKnownFileType = sourcecode.swift; path = MyPageFeature.swift; sourceTree = "<group>"; };
		14E577A92A80973300119FB3 /* EmergencyFeature.swift */ = {isa = PBXFileReference; lastKnownFileType = sourcecode.swift; path = EmergencyFeature.swift; sourceTree = "<group>"; };
		14E577AB2A80973B00119FB3 /* EmergencyView.swift */ = {isa = PBXFileReference; lastKnownFileType = sourcecode.swift; path = EmergencyView.swift; sourceTree = "<group>"; };
		14EBE4BD2A68130F007537C8 /* LoginView.swift */ = {isa = PBXFileReference; lastKnownFileType = sourcecode.swift; path = LoginView.swift; sourceTree = "<group>"; };
		14F055AB2A8220C50041B004 /* BadgeView.swift */ = {isa = PBXFileReference; lastKnownFileType = sourcecode.swift; path = BadgeView.swift; sourceTree = "<group>"; };
		14F2D7AD2A7287AD000ED0EE /* ProfileImageModel.swift */ = {isa = PBXFileReference; lastKnownFileType = sourcecode.swift; path = ProfileImageModel.swift; sourceTree = "<group>"; };
		14F2D7B02A728A2B000ED0EE /* PhotosPickerItem+loadTransferable.swift */ = {isa = PBXFileReference; lastKnownFileType = sourcecode.swift; path = "PhotosPickerItem+loadTransferable.swift"; sourceTree = "<group>"; };
		14F2D7B32A728B39000ED0EE /* ProfileImageView.swift */ = {isa = PBXFileReference; lastKnownFileType = sourcecode.swift; path = ProfileImageView.swift; sourceTree = "<group>"; };
		14F6D9FB2A80748600C8C19C /* Image+.swift */ = {isa = PBXFileReference; lastKnownFileType = sourcecode.swift; path = "Image+.swift"; sourceTree = "<group>"; };
		14F6D9FD2A807E5B00C8C19C /* Color+.swift */ = {isa = PBXFileReference; lastKnownFileType = sourcecode.swift; path = "Color+.swift"; sourceTree = "<group>"; };
		14F7B0952A7BABC30068B1E4 /* BubbleType.swift */ = {isa = PBXFileReference; lastKnownFileType = sourcecode.swift; path = BubbleType.swift; sourceTree = "<group>"; };
		2B0A07352A7171F700BA4182 /* Baggle.entitlements */ = {isa = PBXFileReference; lastKnownFileType = text.plist.entitlements; path = Baggle.entitlements; sourceTree = "<group>"; };
		2B2BA5282A7AB67800A90AE7 /* SelectOwnerView.swift */ = {isa = PBXFileReference; lastKnownFileType = sourcecode.swift; path = SelectOwnerView.swift; sourceTree = "<group>"; };
		2B2BA52A2A7AB6A900A90AE7 /* SelectOwnerFeature.swift */ = {isa = PBXFileReference; lastKnownFileType = sourcecode.swift; path = SelectOwnerFeature.swift; sourceTree = "<group>"; };
		2B2BA52C2A7ABBA000A90AE7 /* MemberInfoView.swift */ = {isa = PBXFileReference; lastKnownFileType = sourcecode.swift; path = MemberInfoView.swift; sourceTree = "<group>"; };
		2B308B8E2A7CCE5A00B9846F /* SegmentedTagView.swift */ = {isa = PBXFileReference; lastKnownFileType = sourcecode.swift; path = SegmentedTagView.swift; sourceTree = "<group>"; };
		2B308B902A7CDA1400B9846F /* SegmentedPickerView.swift */ = {isa = PBXFileReference; lastKnownFileType = sourcecode.swift; path = SegmentedPickerView.swift; sourceTree = "<group>"; };
		2B30E33B2A6F9DD500949151 /* UserDefaultWrapper.swift */ = {isa = PBXFileReference; lastKnownFileType = sourcecode.swift; path = UserDefaultWrapper.swift; sourceTree = "<group>"; };
		2B30E33D2A6F9DF000949151 /* UserDefaultKeyList.swift */ = {isa = PBXFileReference; lastKnownFileType = sourcecode.swift; path = UserDefaultKeyList.swift; sourceTree = "<group>"; };
		2B30E3452A6FA8E800949151 /* Info.plist */ = {isa = PBXFileReference; lastKnownFileType = text.plist; path = Info.plist; sourceTree = "<group>"; };
		2B39F21B2A738BB100E034A3 /* SendInvitation.swift */ = {isa = PBXFileReference; lastKnownFileType = sourcecode.swift; path = SendInvitation.swift; sourceTree = "<group>"; };
		2B3B64942A8014540082A05F /* FeedListCell.swift */ = {isa = PBXFileReference; lastKnownFileType = sourcecode.swift; path = FeedListCell.swift; sourceTree = "<group>"; };
		2B409D7B2A80BE840051A3BC /* Font+.swift */ = {isa = PBXFileReference; lastKnownFileType = sourcecode.swift; path = "Font+.swift"; sourceTree = "<group>"; };
		2B45F2202A7B634400874783 /* MeetingDeleteType.swift */ = {isa = PBXFileReference; lastKnownFileType = sourcecode.swift; path = MeetingDeleteType.swift; sourceTree = "<group>"; };
		2B5BE6AE2A779C8E00F25474 /* MeetingDetail.swift */ = {isa = PBXFileReference; lastKnownFileType = sourcecode.swift; path = MeetingDetail.swift; sourceTree = "<group>"; };
		2B5BE6B12A77A40900F25474 /* MeetingDetailService.swift */ = {isa = PBXFileReference; lastKnownFileType = sourcecode.swift; path = MeetingDetailService.swift; sourceTree = "<group>"; };
		2B5CF2672A6EC889004D3033 /* View+.swift */ = {isa = PBXFileReference; lastKnownFileType = sourcecode.swift; path = "View+.swift"; sourceTree = "<group>"; };
		2B604DD92A7F60E7000E2DE2 /* CircleProfileView.swift */ = {isa = PBXFileReference; lastKnownFileType = sourcecode.swift; path = CircleProfileView.swift; sourceTree = "<group>"; };
		2B7EC32C2A822E5B00D78141 /* UINavigationController+.swift */ = {isa = PBXFileReference; lastKnownFileType = sourcecode.swift; path = "UINavigationController+.swift"; sourceTree = "<group>"; };
		2B7EC32E2A8251DC00D78141 /* HomeStatus.swift */ = {isa = PBXFileReference; lastKnownFileType = sourcecode.swift; path = HomeStatus.swift; sourceTree = "<group>"; };
		2B7EC3312A826F4D00D78141 /* ImageDetailView.swift */ = {isa = PBXFileReference; lastKnownFileType = sourcecode.swift; path = ImageDetailView.swift; sourceTree = "<group>"; };
		2B84695F2A6E7AE200D75D32 /* BaggleAlert.swift */ = {isa = PBXFileReference; fileEncoding = 4; lastKnownFileType = sourcecode.swift; path = BaggleAlert.swift; sourceTree = "<group>"; };
		2B8469612A6E7AE200D75D32 /* BaggleTextField.swift */ = {isa = PBXFileReference; fileEncoding = 4; lastKnownFileType = sourcecode.swift; path = BaggleTextField.swift; sourceTree = "<group>"; };
		2B8469622A6E7AE200D75D32 /* BaggleTextFieldType.swift */ = {isa = PBXFileReference; fileEncoding = 4; lastKnownFileType = sourcecode.swift; path = BaggleTextFieldType.swift; sourceTree = "<group>"; };
		2B8469642A6E7AE200D75D32 /* ShadeView.swift */ = {isa = PBXFileReference; fileEncoding = 4; lastKnownFileType = sourcecode.swift; path = ShadeView.swift; sourceTree = "<group>"; };
		2B8469652A6E7AE200D75D32 /* UnderlineView.swift */ = {isa = PBXFileReference; fileEncoding = 4; lastKnownFileType = sourcecode.swift; path = UnderlineView.swift; sourceTree = "<group>"; };
		2B8469682A6E7AE200D75D32 /* BaggleButtonType.swift */ = {isa = PBXFileReference; fileEncoding = 4; lastKnownFileType = sourcecode.swift; path = BaggleButtonType.swift; sourceTree = "<group>"; };
		2B8469692A6E7AE200D75D32 /* BaggleButtonStyle.swift */ = {isa = PBXFileReference; fileEncoding = 4; lastKnownFileType = sourcecode.swift; path = BaggleButtonStyle.swift; sourceTree = "<group>"; };
		2B86CBBF2A70F00900800B02 /* HomeFeature.swift */ = {isa = PBXFileReference; lastKnownFileType = sourcecode.swift; path = HomeFeature.swift; sourceTree = "<group>"; };
		2B9F27162A813AEA009ED284 /* ProfileBadgeView.swift */ = {isa = PBXFileReference; lastKnownFileType = sourcecode.swift; path = ProfileBadgeView.swift; sourceTree = "<group>"; };
		2BA345A42A6EB02F00B7E2BD /* BaggleTag.swift */ = {isa = PBXFileReference; lastKnownFileType = sourcecode.swift; path = BaggleTag.swift; sourceTree = "<group>"; };
		2BA345A62A6EB6BF00B7E2BD /* BaggleTagColor.swift */ = {isa = PBXFileReference; lastKnownFileType = sourcecode.swift; path = BaggleTagColor.swift; sourceTree = "<group>"; };
		2BA760B62A81DD4A0089878D /* MeetingStatus.swift */ = {isa = PBXFileReference; lastKnownFileType = sourcecode.swift; path = MeetingStatus.swift; sourceTree = "<group>"; };
		2BABCB182A76CDD400AFECA3 /* Baggle.xcconfig */ = {isa = PBXFileReference; fileEncoding = 4; lastKnownFileType = text.xcconfig; path = Baggle.xcconfig; sourceTree = "<group>"; };
		2BABCB212A76CFDC00AFECA3 /* Notification+Name.swift */ = {isa = PBXFileReference; fileEncoding = 4; lastKnownFileType = sourcecode.swift; path = "Notification+Name.swift"; sourceTree = "<group>"; };
		2BABCB232A76D03300AFECA3 /* SceneDelegate.swift */ = {isa = PBXFileReference; fileEncoding = 4; lastKnownFileType = sourcecode.swift; path = SceneDelegate.swift; sourceTree = "<group>"; };
		2BABCB242A76D03300AFECA3 /* AppDelegate.swift */ = {isa = PBXFileReference; fileEncoding = 4; lastKnownFileType = sourcecode.swift; path = AppDelegate.swift; sourceTree = "<group>"; };
		2BABCB272A76D08300AFECA3 /* PostObserverAction.swift */ = {isa = PBXFileReference; fileEncoding = 4; lastKnownFileType = sourcecode.swift; path = PostObserverAction.swift; sourceTree = "<group>"; };
		2BABCB2A2A76D1AF00AFECA3 /* MeetingDetailFeature.swift */ = {isa = PBXFileReference; fileEncoding = 4; lastKnownFileType = sourcecode.swift; path = MeetingDetailFeature.swift; sourceTree = "<group>"; };
		2BABCB2B2A76D1AF00AFECA3 /* MeetingDetailView.swift */ = {isa = PBXFileReference; fileEncoding = 4; lastKnownFileType = sourcecode.swift; path = MeetingDetailView.swift; sourceTree = "<group>"; };
		2BB6BA8F2A82039300F04188 /* MeetingDetailButtonType.swift */ = {isa = PBXFileReference; lastKnownFileType = sourcecode.swift; path = MeetingDetailButtonType.swift; sourceTree = "<group>"; };
		2BCACB7E2A742C9000892D45 /* BaggleTextFeature.swift */ = {isa = PBXFileReference; lastKnownFileType = sourcecode.swift; path = BaggleTextFeature.swift; sourceTree = "<group>"; };
		2BD5D5562A6C4EBE0070C196 /* View+Modifier.swift */ = {isa = PBXFileReference; lastKnownFileType = sourcecode.swift; path = "View+Modifier.swift"; sourceTree = "<group>"; };
		2BE5299D2A7D697800A53779 /* MeetingListCell.swift */ = {isa = PBXFileReference; lastKnownFileType = sourcecode.swift; path = MeetingListCell.swift; sourceTree = "<group>"; };
		2BE74F612A7771B600402068 /* GoogleService-Info.plist */ = {isa = PBXFileReference; fileEncoding = 4; lastKnownFileType = text.plist.xml; path = "GoogleService-Info.plist"; sourceTree = "<group>"; };
		2BF2681F2A77828100F32ADF /* Meeting.swift */ = {isa = PBXFileReference; lastKnownFileType = sourcecode.swift; path = Meeting.swift; sourceTree = "<group>"; };
		2BF268222A77861300F32ADF /* HomeService.swift */ = {isa = PBXFileReference; lastKnownFileType = sourcecode.swift; path = HomeService.swift; sourceTree = "<group>"; };
		2BF6EC1A2A7FF5DC006CA492 /* NavigationBar.swift */ = {isa = PBXFileReference; lastKnownFileType = sourcecode.swift; path = NavigationBar.swift; sourceTree = "<group>"; };
		2BF8F9142A78DFCA00510EFA /* JoinMeetingFeature.swift */ = {isa = PBXFileReference; lastKnownFileType = sourcecode.swift; path = JoinMeetingFeature.swift; sourceTree = "<group>"; };
		2BF8F9162A78DFD700510EFA /* JoinMeetingView.swift */ = {isa = PBXFileReference; lastKnownFileType = sourcecode.swift; path = JoinMeetingView.swift; sourceTree = "<group>"; };
/* End PBXFileReference section */

/* Begin PBXFrameworksBuildPhase section */
		140E880A2A64B626005119F8 /* Frameworks */ = {
			isa = PBXFrameworksBuildPhase;
			buildActionMask = 2147483647;
			files = (
				2BABCB162A76CDA400AFECA3 /* FirebaseMessaging in Frameworks */,
				140E88232A64C3C2005119F8 /* CombineMoya in Frameworks */,
				2B7EC32B2A8228F300D78141 /* Kingfisher in Frameworks */,
				2B35E4ED2A70B6DB00915876 /* KakaoSDK in Frameworks */,
				140E88202A64C3A8005119F8 /* ComposableArchitecture in Frameworks */,
				2BABCB142A76CDA400AFECA3 /* FirebaseAnalytics in Frameworks */,
				140E88252A64C3C2005119F8 /* Moya in Frameworks */,
			);
			runOnlyForDeploymentPostprocessing = 0;
		};
		146C51CF2A79139900FF3142 /* Frameworks */ = {
			isa = PBXFrameworksBuildPhase;
			buildActionMask = 2147483647;
			files = (
				146C51DD2A7913B400FF3142 /* FirebaseMessaging in Frameworks */,
			);
			runOnlyForDeploymentPostprocessing = 0;
		};
/* End PBXFrameworksBuildPhase section */

/* Begin PBXGroup section */
		140C54362A74F40E00CF1CB4 /* Nickname */ = {
			isa = PBXGroup;
			children = (
				140C54372A74F42900CF1CB4 /* NicknameValidator.swift */,
			);
			path = Nickname;
			sourceTree = "<group>";
		};
		140E88042A64B626005119F8 = {
			isa = PBXGroup;
			children = (
				14134D532A64C944004A6AC4 /* .swiftlint.auto.yml */,
				14134D522A64C944004A6AC4 /* .swiftlint.yml */,
				2BABCB172A76CDD400AFECA3 /* XCConfig */,
				140E880F2A64B626005119F8 /* Baggle */,
				146C51D32A79139900FF3142 /* BaggleTests */,
				140E880E2A64B626005119F8 /* Products */,
				146C51DB2A7913B400FF3142 /* Frameworks */,
			);
			sourceTree = "<group>";
		};
		140E880E2A64B626005119F8 /* Products */ = {
			isa = PBXGroup;
			children = (
				140E880D2A64B626005119F8 /* Baggle.app */,
				146C51D22A79139900FF3142 /* BaggleTests.xctest */,
			);
			name = Products;
			sourceTree = "<group>";
		};
		140E880F2A64B626005119F8 /* Baggle */ = {
			isa = PBXGroup;
			children = (
				2B0A07352A7171F700BA4182 /* Baggle.entitlements */,
				2B30E3452A6FA8E800949151 /* Info.plist */,
				2BE74F612A7771B600402068 /* GoogleService-Info.plist */,
				14134D382A64C4CC004A6AC4 /* Resources */,
				14134D392A64C4ED004A6AC4 /* Sources */,
				14134D3A2A64C50D004A6AC4 /* Core */,
				14134D442A64C57E004A6AC4 /* Features */,
				14134D452A64C582004A6AC4 /* DesignSystem */,
			);
			path = Baggle;
			sourceTree = "<group>";
		};
		140E88162A64B627005119F8 /* Preview Content */ = {
			isa = PBXGroup;
			children = (
				140E88172A64B627005119F8 /* Preview Assets.xcassets */,
			);
			path = "Preview Content";
			sourceTree = "<group>";
		};
		14134D382A64C4CC004A6AC4 /* Resources */ = {
			isa = PBXGroup;
			children = (
				14E083712A836C5E0001CB21 /* MockUp */,
				140E88162A64B627005119F8 /* Preview Content */,
				140E88142A64B627005119F8 /* Assets.xcassets */,
			);
			path = Resources;
			sourceTree = "<group>";
		};
		14134D392A64C4ED004A6AC4 /* Sources */ = {
			isa = PBXGroup;
			children = (
				2BABCB242A76D03300AFECA3 /* AppDelegate.swift */,
				2BABCB232A76D03300AFECA3 /* SceneDelegate.swift */,
				140E88102A64B626005119F8 /* BaggleApp.swift */,
			);
			path = Sources;
			sourceTree = "<group>";
		};
		14134D3A2A64C50D004A6AC4 /* Core */ = {
			isa = PBXGroup;
			children = (
				14134D3B2A64C532004A6AC4 /* Common */,
				14134D3E2A64C54F004A6AC4 /* Models */,
				14134D412A64C561004A6AC4 /* Services */,
			);
			path = Core;
			sourceTree = "<group>";
		};
		14134D3B2A64C532004A6AC4 /* Common */ = {
			isa = PBXGroup;
			children = (
				2BABCB202A76CFD100AFECA3 /* Foundation */,
				14F2D7AF2A728A14000ED0EE /* Extensions */,
			);
			path = Common;
			sourceTree = "<group>";
		};
		14134D3E2A64C54F004A6AC4 /* Models */ = {
			isa = PBXGroup;
			children = (
				14E083682A8369010001CB21 /* Network */,
				14E083672A8368F70001CB21 /* SignUp */,
				14E083662A8368F00001CB21 /* Meeting */,
			);
			path = Models;
			sourceTree = "<group>";
		};
		14134D412A64C561004A6AC4 /* Services */ = {
			isa = PBXGroup;
			children = (
				14783EDB2A7E2EE700EF58D5 /* Camera */,
				14B7A0432A75409400B8E202 /* Error */,
				1421C04F2A7A848E00C20497 /* Login */,
				14B7A0422A753DA500B8E202 /* SignUp */,
				2BF268212A7785FE00F32ADF /* Home */,
				2B5BE6B02A77A3F600F25474 /* MeetingDetail */,
				140C54362A74F40E00CF1CB4 /* Nickname */,
				2B39F21B2A738BB100E034A3 /* SendInvitation.swift */,
			);
			path = Services;
			sourceTree = "<group>";
		};
		14134D442A64C57E004A6AC4 /* Features */ = {
			isa = PBXGroup;
			children = (
				1432BE712A68302F0098AAA9 /* App */,
				1493A90D2A7DE49000A2D7CC /* Common */,
				14EBE4BC2A681308007537C8 /* Login */,
				14EBE4BF2A681311007537C8 /* Tab */,
				2BABCB292A76D19000AFECA3 /* MeetingDetail */,
				2BF8F9132A78DF3E00510EFA /* JoinMeeting */,
				14783EE02A7E32D100EF58D5 /* Camera */,
			);
			path = Features;
			sourceTree = "<group>";
		};
		14134D452A64C582004A6AC4 /* DesignSystem */ = {
			isa = PBXGroup;
			children = (
				2B84695D2A6E7AE200D75D32 /* View */,
				14134D492A64C5CF004A6AC4 /* Extension */,
			);
			path = DesignSystem;
			sourceTree = "<group>";
		};
		14134D492A64C5CF004A6AC4 /* Extension */ = {
			isa = PBXGroup;
			children = (
				14F6D9FB2A80748600C8C19C /* Image+.swift */,
				14F6D9FD2A807E5B00C8C19C /* Color+.swift */,
				2BD5D5562A6C4EBE0070C196 /* View+Modifier.swift */,
				2B5CF2672A6EC889004D3033 /* View+.swift */,
				2B409D7B2A80BE840051A3BC /* Font+.swift */,
			);
			path = Extension;
			sourceTree = "<group>";
		};
		1413925C2A78E64900249C8A /* Common */ = {
			isa = PBXGroup;
			children = (
				1413925D2A78E66600249C8A /* CircleNumberView.swift */,
				141392612A78EBD300249C8A /* CreateStatus.swift */,
				1413925F2A78E81D00249C8A /* PageIndicator.swift */,
				1406858A2A7B676D00824A93 /* CreateDescription.swift */,
			);
			path = Common;
			sourceTree = "<group>";
		};
		1421C04F2A7A848E00C20497 /* Login */ = {
			isa = PBXGroup;
			children = (
				1421C0502A7A84A200C20497 /* KakaoLoginService.swift */,
			);
			path = Login;
			sourceTree = "<group>";
		};
		1432BE692A682FB10098AAA9 /* MainTab */ = {
			isa = PBXGroup;
			children = (
				141D376E2A681552001067E3 /* MainTabView.swift */,
				141D37702A681569001067E3 /* MainTabFeature.swift */,
			);
			path = MainTab;
			sourceTree = "<group>";
		};
		1432BE6A2A682FB80098AAA9 /* Common */ = {
			isa = PBXGroup;
			children = (
				1432BE632A68168A0098AAA9 /* TabType.swift */,
			);
			path = Common;
			sourceTree = "<group>";
		};
		1432BE6B2A682FBE0098AAA9 /* Home */ = {
			isa = PBXGroup;
			children = (
				2B308B8D2A7CCE4100B9846F /* Common */,
				1432BE6C2A682FCB0098AAA9 /* HomeView.swift */,
				2B86CBBF2A70F00900800B02 /* HomeFeature.swift */,
			);
			path = Home;
			sourceTree = "<group>";
		};
		1432BE6E2A682FCE0098AAA9 /* MyPage */ = {
			isa = PBXGroup;
			children = (
				1432BE6F2A682FDB0098AAA9 /* MyPageView.swift */,
				14E506572A6BC576008D5778 /* MyPageFeature.swift */,
			);
			path = MyPage;
			sourceTree = "<group>";
		};
		1432BE712A68302F0098AAA9 /* App */ = {
			isa = PBXGroup;
			children = (
				140E88122A64B626005119F8 /* AppView.swift */,
				1432BE672A681B630098AAA9 /* AppFeature.swift */,
			);
			path = App;
			sourceTree = "<group>";
		};
		143B26FF2A761F9B00DFC0EE /* Title */ = {
			isa = PBXGroup;
			children = (
				14E4C4B42A6E43CA008643D9 /* CreateTitleView.swift */,
				14E4C4B52A6E43CA008643D9 /* CreateTitleFeature.swift */,
			);
			path = Title;
			sourceTree = "<group>";
		};
		143B27002A761FB600DFC0EE /* Place */ = {
			isa = PBXGroup;
			children = (
				143B27092A76214500DFC0EE /* CreatePlaceView.swift */,
				143B27012A761FCF00DFC0EE /* CreatePlaceFeature.swift */,
			);
			path = Place;
			sourceTree = "<group>";
		};
		143B27032A761FDB00DFC0EE /* Date */ = {
			isa = PBXGroup;
			children = (
				143B270B2A76245F00DFC0EE /* CreateDateView.swift */,
				143B27042A761FEE00DFC0EE /* CreateDateFeature.swift */,
				147899992A7A0BC20071DAE3 /* DateInputStatus.swift */,
			);
			path = Date;
			sourceTree = "<group>";
		};
		143B27062A761FF300DFC0EE /* Memo */ = {
			isa = PBXGroup;
			children = (
				14315D852A76B1CB008F8064 /* CreateMemoView.swift */,
				143B27072A76200200DFC0EE /* CreateMemoFeature.swift */,
			);
			path = Memo;
			sourceTree = "<group>";
		};
		14458B422A81E6B900C810FA /* Stamp */ = {
			isa = PBXGroup;
			children = (
				14458B432A81E6D000C810FA /* BaggleStamp.swift */,
				14458B472A81E92200C810FA /* BaggleStampStatus.swift */,
			);
			path = Stamp;
			sourceTree = "<group>";
		};
		144733422A78C8B50090D15E /* TextEditor */ = {
			isa = PBXGroup;
			children = (
				144733432A78C8D00090D15E /* BaggleTextEditor.swift */,
			);
			path = TextEditor;
			sourceTree = "<group>";
		};
		144733452A78CAE20090D15E /* Text */ = {
			isa = PBXGroup;
			children = (
				2B8469622A6E7AE200D75D32 /* BaggleTextFieldType.swift */,
				2BCACB7E2A742C9000892D45 /* BaggleTextFeature.swift */,
				2B8469602A6E7AE200D75D32 /* TextField */,
				144733422A78C8B50090D15E /* TextEditor */,
			);
			path = Text;
			sourceTree = "<group>";
		};
		1461B5FE2A7BA3EA00A15706 /* Bubble */ = {
			isa = PBXGroup;
			children = (
				1461B6012A7BA8C500A15706 /* RoundedTriangle.swift */,
				14F7B0952A7BABC30068B1E4 /* BubbleType.swift */,
				1461B5FF2A7BA3F000A15706 /* BubbleView.swift */,
			);
			path = Bubble;
			sourceTree = "<group>";
		};
		146C51D32A79139900FF3142 /* BaggleTests */ = {
			isa = PBXGroup;
			children = (
				146C51D42A79139900FF3142 /* BaggleDateTests.swift */,
			);
			path = BaggleTests;
			sourceTree = "<group>";
		};
		146C51DB2A7913B400FF3142 /* Frameworks */ = {
			isa = PBXGroup;
			children = (
			);
			name = Frameworks;
			sourceTree = "<group>";
		};
		146C51DE2A79143400FF3142 /* Date */ = {
			isa = PBXGroup;
			children = (
				146C51DF2A79143A00FF3142 /* Date+.swift */,
			);
			path = Date;
			sourceTree = "<group>";
		};
		146C51E52A793D2100FF3142 /* Date */ = {
			isa = PBXGroup;
			children = (
				147899982A79EC6C0071DAE3 /* SelectView */,
				147899972A79EC640071DAE3 /* Picker */,
			);
			path = Date;
			sourceTree = "<group>";
		};
		14783EDB2A7E2EE700EF58D5 /* Camera */ = {
			isa = PBXGroup;
			children = (
				14783EDC2A7E2F4C00EF58D5 /* Camera.swift */,
				14783EDE2A7E2FBD00EF58D5 /* CameraSetting.swift */,
				14783EE52A7E33B600EF58D5 /* CameraService.swift */,
			);
			path = Camera;
			sourceTree = "<group>";
		};
		14783EE02A7E32D100EF58D5 /* Camera */ = {
			isa = PBXGroup;
			children = (
				14783EE12A7E330700EF58D5 /* CameraFeature.swift */,
				14783EE32A7E330D00EF58D5 /* CameraView.swift */,
			);
			path = Camera;
			sourceTree = "<group>";
		};
		147899972A79EC640071DAE3 /* Picker */ = {
			isa = PBXGroup;
			children = (
				146C51E82A793D3F00FF3142 /* BaggleDatePickerView.swift */,
				146C51EA2A79406700FF3142 /* BaggleTimePickerView.swift */,
			);
			path = Picker;
			sourceTree = "<group>";
		};
		147899982A79EC6C0071DAE3 /* SelectView */ = {
			isa = PBXGroup;
			children = (
				146C51EF2A79429E00FF3142 /* SelectDateView.swift */,
				146C51ED2A79429400FF3142 /* SelectDateFeature.swift */,
				146C51F32A7950F500FF3142 /* SelectTimeView.swift */,
				146C51F12A7950F000FF3142 /* SelectTimeFeature.swift */,
			);
			path = SelectView;
			sourceTree = "<group>";
		};
		1493A90D2A7DE49000A2D7CC /* Common */ = {
			isa = PBXGroup;
			children = (
				1493A90E2A7DE49B00A2D7CC /* Timer */,
			);
			path = Common;
			sourceTree = "<group>";
		};
		1493A90E2A7DE49B00A2D7CC /* Timer */ = {
			isa = PBXGroup;
			children = (
				1493A90F2A7DE4A500A2D7CC /* TimerFeature.swift */,
				142BF96C2A81F50C0042737E /* TimerColor.swift */,
				1493A9112A7DE4AB00A2D7CC /* SmallTimerView.swift */,
				1493A9152A7DE7CB00A2D7CC /* LargeTimerView.swift */,
			);
			path = Timer;
			sourceTree = "<group>";
		};
		149C0F442A7784F100B95A36 /* Success */ = {
			isa = PBXGroup;
			children = (
				149C0F472A77850A00B95A36 /* CreateSuccessView.swift */,
				149C0F452A77850500B95A36 /* CreateSuccessFeature.swift */,
			);
			path = Success;
			sourceTree = "<group>";
		};
		14B7A0422A753DA500B8E202 /* SignUp */ = {
			isa = PBXGroup;
			children = (
				14B7A0402A753D4800B8E202 /* SignUpService.swift */,
			);
			path = SignUp;
			sourceTree = "<group>";
		};
		14B7A0432A75409400B8E202 /* Error */ = {
			isa = PBXGroup;
			children = (
				14B7A0442A75409E00B8E202 /* NetworkError.swift */,
			);
			path = Error;
			sourceTree = "<group>";
		};
		14E083662A8368F00001CB21 /* Meeting */ = {
			isa = PBXGroup;
			children = (
				2BA760B62A81DD4A0089878D /* MeetingStatus.swift */,
				2BF2681F2A77828100F32ADF /* Meeting.swift */,
				2B5BE6AE2A779C8E00F25474 /* MeetingDetail.swift */,
			);
			path = Meeting;
			sourceTree = "<group>";
		};
		14E083672A8368F70001CB21 /* SignUp */ = {
			isa = PBXGroup;
			children = (
				14F2D7AD2A7287AD000ED0EE /* ProfileImageModel.swift */,
			);
			path = SignUp;
			sourceTree = "<group>";
		};
		14E083682A8369010001CB21 /* Network */ = {
			isa = PBXGroup;
			children = (
				14E083692A83690D0001CB21 /* EntityContainer.swift */,
				14E0836B2A8369E30001CB21 /* MeetingDetail */,
			);
			path = Network;
			sourceTree = "<group>";
		};
		14E0836B2A8369E30001CB21 /* MeetingDetail */ = {
			isa = PBXGroup;
			children = (
				14E0836C2A836A8C0001CB21 /* MeetingDetailEntity.swift */,
				14E0836E2A836C1D0001CB21 /* MeetingDetailMemberEntity.swift */,
			);
			path = MeetingDetail;
			sourceTree = "<group>";
		};
		14E083712A836C5E0001CB21 /* MockUp */ = {
			isa = PBXGroup;
			children = (
				14E083722A836C800001CB21 /* MockUpMeetingDetail.json */,
			);
			path = MockUp;
			sourceTree = "<group>";
		};
		14E4C4B32A6E43CA008643D9 /* CreateMeeting */ = {
			isa = PBXGroup;
			children = (
				1413925C2A78E64900249C8A /* Common */,
				143B26FF2A761F9B00DFC0EE /* Title */,
				143B27002A761FB600DFC0EE /* Place */,
				143B27032A761FDB00DFC0EE /* Date */,
				143B27062A761FF300DFC0EE /* Memo */,
				149C0F442A7784F100B95A36 /* Success */,
			);
			path = CreateMeeting;
			sourceTree = "<group>";
		};
		14E5064C2A6B88ED008D5778 /* SignUp */ = {
			isa = PBXGroup;
			children = (
				14E506512A6B8EB6008D5778 /* Main */,
				14E506522A6B8EBB008D5778 /* Success */,
			);
			path = SignUp;
			sourceTree = "<group>";
		};
		14E506512A6B8EB6008D5778 /* Main */ = {
			isa = PBXGroup;
			children = (
				14F2D7B22A728B26000ED0EE /* Components */,
				14E5064D2A6B88F7008D5778 /* SignUpView.swift */,
				14E5064F2A6B8913008D5778 /* SignUpFeature.swift */,
			);
			path = Main;
			sourceTree = "<group>";
		};
		14E506522A6B8EBB008D5778 /* Success */ = {
			isa = PBXGroup;
			children = (
				14E506532A6B8ED3008D5778 /* SignUpSuccessView.swift */,
				14E506552A6B8F67008D5778 /* SignUpSuccessFeature.swift */,
			);
			path = Success;
			sourceTree = "<group>";
		};
		14E577A82A80970C00119FB3 /* Emergency */ = {
			isa = PBXGroup;
			children = (
				14E577A92A80973300119FB3 /* EmergencyFeature.swift */,
				14E577AB2A80973B00119FB3 /* EmergencyView.swift */,
			);
			path = Emergency;
			sourceTree = "<group>";
		};
		14EBE4BC2A681308007537C8 /* Login */ = {
			isa = PBXGroup;
			children = (
				14E5064C2A6B88ED008D5778 /* SignUp */,
				14EBE4BD2A68130F007537C8 /* LoginView.swift */,
				1432BE652A681A600098AAA9 /* LoginFeature.swift */,
			);
			path = Login;
			sourceTree = "<group>";
		};
		14EBE4BF2A681311007537C8 /* Tab */ = {
			isa = PBXGroup;
			children = (
				1432BE6A2A682FB80098AAA9 /* Common */,
				1432BE692A682FB10098AAA9 /* MainTab */,
				1432BE6B2A682FBE0098AAA9 /* Home */,
				14E4C4B32A6E43CA008643D9 /* CreateMeeting */,
				1432BE6E2A682FCE0098AAA9 /* MyPage */,
			);
			path = Tab;
			sourceTree = "<group>";
		};
		14F055AA2A8220AB0041B004 /* Badge */ = {
			isa = PBXGroup;
			children = (
				14F055AB2A8220C50041B004 /* BadgeView.swift */,
			);
			path = Badge;
			sourceTree = "<group>";
		};
		14F2D7AF2A728A14000ED0EE /* Extensions */ = {
			isa = PBXGroup;
			children = (
				146C51DE2A79143400FF3142 /* Date */,
				2BABCB272A76D08300AFECA3 /* PostObserverAction.swift */,
				14F2D7B02A728A2B000ED0EE /* PhotosPickerItem+loadTransferable.swift */,
				140C543D2A74F54B00CF1CB4 /* String+.swift */,
				14783EE72A7E340E00EF58D5 /* CIImage+.swift */,
				143410532A7E87460024FC75 /* UIImage+.swift */,
				1493A9172A7E01D800A2D7CC /* Int+.swift */,
				2B7EC32C2A822E5B00D78141 /* UINavigationController+.swift */,
			);
			path = Extensions;
			sourceTree = "<group>";
		};
		14F2D7B22A728B26000ED0EE /* Components */ = {
			isa = PBXGroup;
			children = (
				14F2D7B32A728B39000ED0EE /* ProfileImageView.swift */,
			);
			path = Components;
			sourceTree = "<group>";
		};
		2B2BA5272A7AB45300A90AE7 /* SelectHost */ = {
			isa = PBXGroup;
			children = (
				2B2BA5282A7AB67800A90AE7 /* SelectOwnerView.swift */,
				2B2BA52A2A7AB6A900A90AE7 /* SelectOwnerFeature.swift */,
				2B2BA52C2A7ABBA000A90AE7 /* MemberInfoView.swift */,
			);
			path = SelectHost;
			sourceTree = "<group>";
		};
		2B308B8D2A7CCE4100B9846F /* Common */ = {
			isa = PBXGroup;
			children = (
				2B308B8E2A7CCE5A00B9846F /* SegmentedTagView.swift */,
				2B308B902A7CDA1400B9846F /* SegmentedPickerView.swift */,
				2BE5299D2A7D697800A53779 /* MeetingListCell.swift */,
				2B604DD92A7F60E7000E2DE2 /* CircleProfileView.swift */,
				2B7EC32E2A8251DC00D78141 /* HomeStatus.swift */,
			);
			path = Common;
			sourceTree = "<group>";
		};
		2B5BE6B02A77A3F600F25474 /* MeetingDetail */ = {
			isa = PBXGroup;
			children = (
				2B5BE6B12A77A40900F25474 /* MeetingDetailService.swift */,
			);
			path = MeetingDetail;
			sourceTree = "<group>";
		};
		2B7EC3302A826ECF00D78141 /* ImageDetail */ = {
			isa = PBXGroup;
			children = (
				2B7EC3312A826F4D00D78141 /* ImageDetailView.swift */,
			);
			path = ImageDetail;
			sourceTree = "<group>";
		};
		2B84695D2A6E7AE200D75D32 /* View */ = {
			isa = PBXGroup;
			children = (
				14F055AA2A8220AB0041B004 /* Badge */,
				14458B422A81E6B900C810FA /* Stamp */,
				1461B5FE2A7BA3EA00A15706 /* Bubble */,
				146C51E52A793D2100FF3142 /* Date */,
				144733452A78CAE20090D15E /* Text */,
				2BA345A32A6EB00900B7E2BD /* Tag */,
				2B84695E2A6E7AE200D75D32 /* Alert */,
				2B8469632A6E7AE200D75D32 /* Common */,
				2B8469662A6E7AE200D75D32 /* Button */,
			);
			path = View;
			sourceTree = "<group>";
		};
		2B84695E2A6E7AE200D75D32 /* Alert */ = {
			isa = PBXGroup;
			children = (
				2B84695F2A6E7AE200D75D32 /* BaggleAlert.swift */,
			);
			path = Alert;
			sourceTree = "<group>";
		};
		2B8469602A6E7AE200D75D32 /* TextField */ = {
			isa = PBXGroup;
			children = (
				2B8469612A6E7AE200D75D32 /* BaggleTextField.swift */,
			);
			path = TextField;
			sourceTree = "<group>";
		};
		2B8469632A6E7AE200D75D32 /* Common */ = {
			isa = PBXGroup;
			children = (
				2B8469642A6E7AE200D75D32 /* ShadeView.swift */,
				2B8469652A6E7AE200D75D32 /* UnderlineView.swift */,
				2BF6EC1A2A7FF5DC006CA492 /* NavigationBar.swift */,
			);
			path = Common;
			sourceTree = "<group>";
		};
		2B8469662A6E7AE200D75D32 /* Button */ = {
			isa = PBXGroup;
			children = (
				2B8469682A6E7AE200D75D32 /* BaggleButtonType.swift */,
				2B8469692A6E7AE200D75D32 /* BaggleButtonStyle.swift */,
			);
			path = Button;
			sourceTree = "<group>";
		};
		2B9F27152A813ABE009ED284 /* Common */ = {
			isa = PBXGroup;
			children = (
				2B3B64942A8014540082A05F /* FeedListCell.swift */,
				2B9F27162A813AEA009ED284 /* ProfileBadgeView.swift */,
				2BB6BA8F2A82039300F04188 /* MeetingDetailButtonType.swift */,
			);
			path = Common;
			sourceTree = "<group>";
		};
		2BA345A32A6EB00900B7E2BD /* Tag */ = {
			isa = PBXGroup;
			children = (
				2BA345A42A6EB02F00B7E2BD /* BaggleTag.swift */,
				2BA345A62A6EB6BF00B7E2BD /* BaggleTagColor.swift */,
			);
			path = Tag;
			sourceTree = "<group>";
		};
		2BABCB172A76CDD400AFECA3 /* XCConfig */ = {
			isa = PBXGroup;
			children = (
				2BABCB182A76CDD400AFECA3 /* Baggle.xcconfig */,
			);
			path = XCConfig;
			sourceTree = "<group>";
		};
		2BABCB202A76CFD100AFECA3 /* Foundation */ = {
			isa = PBXGroup;
			children = (
				2BABCB212A76CFDC00AFECA3 /* Notification+Name.swift */,
				2B30E33B2A6F9DD500949151 /* UserDefaultWrapper.swift */,
				2B30E33D2A6F9DF000949151 /* UserDefaultKeyList.swift */,
			);
			path = Foundation;
			sourceTree = "<group>";
		};
		2BABCB292A76D19000AFECA3 /* MeetingDetail */ = {
			isa = PBXGroup;
			children = (
				2B9F27152A813ABE009ED284 /* Common */,
				2B7EC3302A826ECF00D78141 /* ImageDetail */,
				14E577A82A80970C00119FB3 /* Emergency */,
				2B2BA5272A7AB45300A90AE7 /* SelectHost */,
				2BABCB2A2A76D1AF00AFECA3 /* MeetingDetailFeature.swift */,
				2BABCB2B2A76D1AF00AFECA3 /* MeetingDetailView.swift */,
				2B45F2202A7B634400874783 /* MeetingDeleteType.swift */,
			);
			path = MeetingDetail;
			sourceTree = "<group>";
		};
		2BF268212A7785FE00F32ADF /* Home */ = {
			isa = PBXGroup;
			children = (
				2BF268222A77861300F32ADF /* HomeService.swift */,
			);
			path = Home;
			sourceTree = "<group>";
		};
		2BF8F9132A78DF3E00510EFA /* JoinMeeting */ = {
			isa = PBXGroup;
			children = (
				2BF8F9142A78DFCA00510EFA /* JoinMeetingFeature.swift */,
				2BF8F9162A78DFD700510EFA /* JoinMeetingView.swift */,
			);
			path = JoinMeeting;
			sourceTree = "<group>";
		};
/* End PBXGroup section */

/* Begin PBXNativeTarget section */
		140E880C2A64B626005119F8 /* Baggle */ = {
			isa = PBXNativeTarget;
			buildConfigurationList = 140E881B2A64B627005119F8 /* Build configuration list for PBXNativeTarget "Baggle" */;
			buildPhases = (
				140E88092A64B626005119F8 /* Sources */,
				140E880A2A64B626005119F8 /* Frameworks */,
				140E880B2A64B626005119F8 /* Resources */,
				14134D562A64CC42004A6AC4 /* Run Swiftlint */,
			);
			buildRules = (
			);
			dependencies = (
			);
			name = Baggle;
			packageProductDependencies = (
				140E881F2A64C3A8005119F8 /* ComposableArchitecture */,
				140E88222A64C3C2005119F8 /* CombineMoya */,
				140E88242A64C3C2005119F8 /* Moya */,
				2B35E4EC2A70B6DB00915876 /* KakaoSDK */,
				2BABCB132A76CDA400AFECA3 /* FirebaseAnalytics */,
				2BABCB152A76CDA400AFECA3 /* FirebaseMessaging */,
				2B7EC32A2A8228F300D78141 /* Kingfisher */,
			);
			productName = promiseDemo;
			productReference = 140E880D2A64B626005119F8 /* Baggle.app */;
			productType = "com.apple.product-type.application";
		};
		146C51D12A79139900FF3142 /* BaggleTests */ = {
			isa = PBXNativeTarget;
			buildConfigurationList = 146C51DA2A79139900FF3142 /* Build configuration list for PBXNativeTarget "BaggleTests" */;
			buildPhases = (
				146C51CE2A79139900FF3142 /* Sources */,
				146C51CF2A79139900FF3142 /* Frameworks */,
				146C51D02A79139900FF3142 /* Resources */,
			);
			buildRules = (
			);
			dependencies = (
				146C51D72A79139900FF3142 /* PBXTargetDependency */,
			);
			name = BaggleTests;
			packageProductDependencies = (
				146C51DC2A7913B400FF3142 /* FirebaseMessaging */,
			);
			productName = BaggleTests;
			productReference = 146C51D22A79139900FF3142 /* BaggleTests.xctest */;
			productType = "com.apple.product-type.bundle.unit-test";
		};
/* End PBXNativeTarget section */

/* Begin PBXProject section */
		140E88052A64B626005119F8 /* Project object */ = {
			isa = PBXProject;
			attributes = {
				BuildIndependentTargetsInParallel = 1;
				LastSwiftUpdateCheck = 1430;
				LastUpgradeCheck = 1430;
				TargetAttributes = {
					140E880C2A64B626005119F8 = {
						CreatedOnToolsVersion = 14.3;
					};
					146C51D12A79139900FF3142 = {
						CreatedOnToolsVersion = 14.3;
						TestTargetID = 140E880C2A64B626005119F8;
					};
				};
			};
			buildConfigurationList = 140E88082A64B626005119F8 /* Build configuration list for PBXProject "Baggle" */;
			compatibilityVersion = "Xcode 14.0";
			developmentRegion = en;
			hasScannedForEncodings = 0;
			knownRegions = (
				en,
				Base,
			);
			mainGroup = 140E88042A64B626005119F8;
			packageReferences = (
				140E881E2A64C3A8005119F8 /* XCRemoteSwiftPackageReference "swift-composable-architecture" */,
				140E88212A64C3C2005119F8 /* XCRemoteSwiftPackageReference "Moya" */,
				2B35E4EB2A70B6DB00915876 /* XCRemoteSwiftPackageReference "kakao-ios-sdk" */,
				2BABCB122A76CDA400AFECA3 /* XCRemoteSwiftPackageReference "firebase-ios-sdk" */,
				2B7EC3292A8228F200D78141 /* XCRemoteSwiftPackageReference "Kingfisher" */,
			);
			productRefGroup = 140E880E2A64B626005119F8 /* Products */;
			projectDirPath = "";
			projectRoot = "";
			targets = (
				140E880C2A64B626005119F8 /* Baggle */,
				146C51D12A79139900FF3142 /* BaggleTests */,
			);
		};
/* End PBXProject section */

/* Begin PBXResourcesBuildPhase section */
		140E880B2A64B626005119F8 /* Resources */ = {
			isa = PBXResourcesBuildPhase;
			buildActionMask = 2147483647;
			files = (
				14134D552A64C944004A6AC4 /* .swiftlint.auto.yml in Resources */,
				14134D542A64C944004A6AC4 /* .swiftlint.yml in Resources */,
				2BABCB192A76CDD400AFECA3 /* Baggle.xcconfig in Resources */,
				14E083732A836C800001CB21 /* MockUpMeetingDetail.json in Resources */,
				140E88182A64B627005119F8 /* Preview Assets.xcassets in Resources */,
				140E88152A64B627005119F8 /* Assets.xcassets in Resources */,
				2BE74F622A7771B700402068 /* GoogleService-Info.plist in Resources */,
			);
			runOnlyForDeploymentPostprocessing = 0;
		};
		146C51D02A79139900FF3142 /* Resources */ = {
			isa = PBXResourcesBuildPhase;
			buildActionMask = 2147483647;
			files = (
			);
			runOnlyForDeploymentPostprocessing = 0;
		};
/* End PBXResourcesBuildPhase section */

/* Begin PBXShellScriptBuildPhase section */
		14134D562A64CC42004A6AC4 /* Run Swiftlint */ = {
			isa = PBXShellScriptBuildPhase;
			alwaysOutOfDate = 1;
			buildActionMask = 2147483647;
			files = (
			);
			inputFileListPaths = (
			);
			inputPaths = (
			);
			name = "Run Swiftlint";
			outputFileListPaths = (
			);
			outputPaths = (
			);
			runOnlyForDeploymentPostprocessing = 0;
			shellPath = /bin/sh;
			shellScript = "export PATH=\"$PATH:/opt/homebrew/bin\"\nif which swiftlint > /dev/null; then\n  swiftlint\nelse\n  echo \"warning: SwiftLint not installed, download from https://github.com/realm/SwiftLint\"\nfi\n";
		};
/* End PBXShellScriptBuildPhase section */

/* Begin PBXSourcesBuildPhase section */
		140E88092A64B626005119F8 /* Sources */ = {
			isa = PBXSourcesBuildPhase;
			buildActionMask = 2147483647;
			files = (
				14783EE62A7E33B600EF58D5 /* CameraService.swift in Sources */,
				142BF96D2A81F50C0042737E /* TimerColor.swift in Sources */,
				143B9CF22A77A39A003CC5E5 /* CreateTitleView.swift in Sources */,
				14EDE63E2A77A2AD0004F72B /* SignUpSuccessFeature.swift in Sources */,
				141D376F2A681552001067E3 /* MainTabView.swift in Sources */,
				2B2BA52D2A7ABBA000A90AE7 /* MemberInfoView.swift in Sources */,
				14783EDF2A7E2FBD00EF58D5 /* CameraSetting.swift in Sources */,
				2B8469712A6E7AE200D75D32 /* BaggleButtonStyle.swift in Sources */,
				14E506582A6BC576008D5778 /* MyPageFeature.swift in Sources */,
				2BB6BA902A82039300F04188 /* MeetingDetailButtonType.swift in Sources */,
				1461B6002A7BA3F000A15706 /* BubbleView.swift in Sources */,
				2B84696D2A6E7AE200D75D32 /* ShadeView.swift in Sources */,
				2BABCB282A76D08400AFECA3 /* PostObserverAction.swift in Sources */,
				1432BE6D2A682FCB0098AAA9 /* HomeView.swift in Sources */,
				2B409D7C2A80BE840051A3BC /* Font+.swift in Sources */,
				1432BE662A681A600098AAA9 /* LoginFeature.swift in Sources */,
				2B3B64952A8014540082A05F /* FeedListCell.swift in Sources */,
				141D37712A681569001067E3 /* MainTabFeature.swift in Sources */,
				2B5BE6AF2A779C8E00F25474 /* MeetingDetail.swift in Sources */,
				2B8469702A6E7AE200D75D32 /* BaggleButtonType.swift in Sources */,
				1421C0512A7A84A200C20497 /* KakaoLoginService.swift in Sources */,
				14458B442A81E6D000C810FA /* BaggleStamp.swift in Sources */,
				2B30E33E2A6F9DF000949151 /* UserDefaultKeyList.swift in Sources */,
				2BD5D5572A6C4EBE0070C196 /* View+Modifier.swift in Sources */,
				14F2D7B12A728A2B000ED0EE /* PhotosPickerItem+loadTransferable.swift in Sources */,
				141392622A78EBD300249C8A /* CreateStatus.swift in Sources */,
				14F6D9FE2A807E5B00C8C19C /* Color+.swift in Sources */,
				1432BE702A682FDB0098AAA9 /* MyPageView.swift in Sources */,
				14458B482A81E92200C810FA /* BaggleStampStatus.swift in Sources */,
				14783EE22A7E330700EF58D5 /* CameraFeature.swift in Sources */,
				144733442A78C8D00090D15E /* BaggleTextEditor.swift in Sources */,
				14315D862A76B1CB008F8064 /* CreateMemoView.swift in Sources */,
				2B2BA5292A7AB67800A90AE7 /* SelectOwnerView.swift in Sources */,
				2B7EC32D2A822E5B00D78141 /* UINavigationController+.swift in Sources */,
				149C0F462A77850500B95A36 /* CreateSuccessFeature.swift in Sources */,
				1432BE642A68168A0098AAA9 /* TabType.swift in Sources */,
				146C51F42A7950F500FF3142 /* SelectTimeView.swift in Sources */,
				143B270A2A76214500DFC0EE /* CreatePlaceView.swift in Sources */,
				143B27022A761FCF00DFC0EE /* CreatePlaceFeature.swift in Sources */,
				143B270C2A76245F00DFC0EE /* CreateDateView.swift in Sources */,
				1493A9102A7DE4A500A2D7CC /* TimerFeature.swift in Sources */,
				143B27082A76200200DFC0EE /* CreateMemoFeature.swift in Sources */,
				2BA345A72A6EB6BF00B7E2BD /* BaggleTagColor.swift in Sources */,
				14E577AA2A80973300119FB3 /* EmergencyFeature.swift in Sources */,
				2B45F2212A7B634400874783 /* MeetingDeleteType.swift in Sources */,
				14E506542A6B8ED3008D5778 /* SignUpSuccessView.swift in Sources */,
				2B84696B2A6E7AE200D75D32 /* BaggleTextField.swift in Sources */,
				149C0F482A77850A00B95A36 /* CreateSuccessView.swift in Sources */,
				2BA345A52A6EB02F00B7E2BD /* BaggleTag.swift in Sources */,
				140E88132A64B626005119F8 /* AppView.swift in Sources */,
				14E506502A6B8913008D5778 /* SignUpFeature.swift in Sources */,
				2BABCB262A76D03300AFECA3 /* AppDelegate.swift in Sources */,
				14783EE42A7E330D00EF58D5 /* CameraView.swift in Sources */,
				14783EE82A7E340E00EF58D5 /* CIImage+.swift in Sources */,
				2B2BA52B2A7AB6A900A90AE7 /* SelectOwnerFeature.swift in Sources */,
				1478999A2A7A0BC20071DAE3 /* DateInputStatus.swift in Sources */,
				2BF8F9172A78DFD700510EFA /* JoinMeetingView.swift in Sources */,
				2B84696E2A6E7AE200D75D32 /* UnderlineView.swift in Sources */,
				1413925E2A78E66600249C8A /* CircleNumberView.swift in Sources */,
				146C51E92A793D3F00FF3142 /* BaggleDatePickerView.swift in Sources */,
				1493A9182A7E01D800A2D7CC /* Int+.swift in Sources */,
				2B84696C2A6E7AE200D75D32 /* BaggleTextFieldType.swift in Sources */,
				14F6D9FC2A80748600C8C19C /* Image+.swift in Sources */,
				146C51F02A79429E00FF3142 /* SelectDateView.swift in Sources */,
				2BA760B72A81DD4A0089878D /* MeetingStatus.swift in Sources */,
				2BE5299E2A7D697800A53779 /* MeetingListCell.swift in Sources */,
				14B7A0412A753D4800B8E202 /* SignUpService.swift in Sources */,
				2B7EC3322A826F4D00D78141 /* ImageDetailView.swift in Sources */,
				1461B6022A7BA8C500A15706 /* RoundedTriangle.swift in Sources */,
				14E5064E2A6B88F7008D5778 /* SignUpView.swift in Sources */,
				14EBE4BE2A68130F007537C8 /* LoginView.swift in Sources */,
				1406858B2A7B676D00824A93 /* CreateDescription.swift in Sources */,
				14E0836A2A83690D0001CB21 /* EntityContainer.swift in Sources */,
				2B5BE6B22A77A40900F25474 /* MeetingDetailService.swift in Sources */,
				2BABCB2C2A76D1AF00AFECA3 /* MeetingDetailFeature.swift in Sources */,
				2B39F21C2A738BB100E034A3 /* SendInvitation.swift in Sources */,
				2B84696A2A6E7AE200D75D32 /* BaggleAlert.swift in Sources */,
				14E577AC2A80973B00119FB3 /* EmergencyView.swift in Sources */,
				2BCACB7F2A742C9000892D45 /* BaggleTextFeature.swift in Sources */,
				14B7A0452A75409E00B8E202 /* NetworkError.swift in Sources */,
				2BA760BB2A81EB610089878D /* String+.swift in Sources */,
				140C54382A74F42900CF1CB4 /* NicknameValidator.swift in Sources */,
				146C51E02A79143A00FF3142 /* Date+.swift in Sources */,
				2B30E33C2A6F9DD500949151 /* UserDefaultWrapper.swift in Sources */,
				146C51F22A7950F000FF3142 /* SelectTimeFeature.swift in Sources */,
				14F2D7B42A728B39000ED0EE /* ProfileImageView.swift in Sources */,
				1432BE682A681B630098AAA9 /* AppFeature.swift in Sources */,
				2BABCB252A76D03300AFECA3 /* SceneDelegate.swift in Sources */,
				141392602A78E81D00249C8A /* PageIndicator.swift in Sources */,
				2B308B912A7CDA1400B9846F /* SegmentedPickerView.swift in Sources */,
				14E0836D2A836A8C0001CB21 /* MeetingDetailEntity.swift in Sources */,
				14783EDD2A7E2F4C00EF58D5 /* Camera.swift in Sources */,
				2BF8F9152A78DFCA00510EFA /* JoinMeetingFeature.swift in Sources */,
				1493A9162A7DE7CB00A2D7CC /* LargeTimerView.swift in Sources */,
				2BABCB2D2A76D1AF00AFECA3 /* MeetingDetailView.swift in Sources */,
				2B5CF2682A6EC889004D3033 /* View+.swift in Sources */,
				2B308B8F2A7CCE5A00B9846F /* SegmentedTagView.swift in Sources */,
				2B9F27172A813AEA009ED284 /* ProfileBadgeView.swift in Sources */,
				14E4C4B72A6E43CA008643D9 /* CreateTitleFeature.swift in Sources */,
				2B86CBC02A70F00900800B02 /* HomeFeature.swift in Sources */,
				2B604DDA2A7F60E7000E2DE2 /* CircleProfileView.swift in Sources */,
				1493A9122A7DE4AB00A2D7CC /* SmallTimerView.swift in Sources */,
				14F055AC2A8220C50041B004 /* BadgeView.swift in Sources */,
				2BF268232A77861300F32ADF /* HomeService.swift in Sources */,
				140E88112A64B626005119F8 /* BaggleApp.swift in Sources */,
				14F7B0962A7BABC30068B1E4 /* BubbleType.swift in Sources */,
				146C51EE2A79429400FF3142 /* SelectDateFeature.swift in Sources */,
				2BF6EC1B2A7FF5DC006CA492 /* NavigationBar.swift in Sources */,
				143B27052A761FEE00DFC0EE /* CreateDateFeature.swift in Sources */,
				146C51EB2A79406700FF3142 /* BaggleTimePickerView.swift in Sources */,
				2B7EC32F2A8251DC00D78141 /* HomeStatus.swift in Sources */,
				14F2D7AE2A7287AD000ED0EE /* ProfileImageModel.swift in Sources */,
				143410542A7E87460024FC75 /* UIImage+.swift in Sources */,
				2BABCB222A76CFDC00AFECA3 /* Notification+Name.swift in Sources */,
				2BF268202A77828100F32ADF /* Meeting.swift in Sources */,
				14E0836F2A836C1D0001CB21 /* MeetingDetailMemberEntity.swift in Sources */,
			);
			runOnlyForDeploymentPostprocessing = 0;
		};
		146C51CE2A79139900FF3142 /* Sources */ = {
			isa = PBXSourcesBuildPhase;
			buildActionMask = 2147483647;
			files = (
				146C51D52A79139900FF3142 /* BaggleDateTests.swift in Sources */,
			);
			runOnlyForDeploymentPostprocessing = 0;
		};
/* End PBXSourcesBuildPhase section */

/* Begin PBXTargetDependency section */
		146C51D72A79139900FF3142 /* PBXTargetDependency */ = {
			isa = PBXTargetDependency;
			target = 140E880C2A64B626005119F8 /* Baggle */;
			targetProxy = 146C51D62A79139900FF3142 /* PBXContainerItemProxy */;
		};
/* End PBXTargetDependency section */

/* Begin XCBuildConfiguration section */
		140E88192A64B627005119F8 /* Debug */ = {
			isa = XCBuildConfiguration;
			baseConfigurationReference = 2BABCB182A76CDD400AFECA3 /* Baggle.xcconfig */;
			buildSettings = {
				ALWAYS_SEARCH_USER_PATHS = NO;
				CLANG_ANALYZER_NONNULL = YES;
				CLANG_ANALYZER_NUMBER_OBJECT_CONVERSION = YES_AGGRESSIVE;
				CLANG_CXX_LANGUAGE_STANDARD = "gnu++20";
				CLANG_ENABLE_MODULES = YES;
				CLANG_ENABLE_OBJC_ARC = YES;
				CLANG_ENABLE_OBJC_WEAK = YES;
				CLANG_WARN_BLOCK_CAPTURE_AUTORELEASING = YES;
				CLANG_WARN_BOOL_CONVERSION = YES;
				CLANG_WARN_COMMA = YES;
				CLANG_WARN_CONSTANT_CONVERSION = YES;
				CLANG_WARN_DEPRECATED_OBJC_IMPLEMENTATIONS = YES;
				CLANG_WARN_DIRECT_OBJC_ISA_USAGE = YES_ERROR;
				CLANG_WARN_DOCUMENTATION_COMMENTS = YES;
				CLANG_WARN_EMPTY_BODY = YES;
				CLANG_WARN_ENUM_CONVERSION = YES;
				CLANG_WARN_INFINITE_RECURSION = YES;
				CLANG_WARN_INT_CONVERSION = YES;
				CLANG_WARN_NON_LITERAL_NULL_CONVERSION = YES;
				CLANG_WARN_OBJC_IMPLICIT_RETAIN_SELF = YES;
				CLANG_WARN_OBJC_LITERAL_CONVERSION = YES;
				CLANG_WARN_OBJC_ROOT_CLASS = YES_ERROR;
				CLANG_WARN_QUOTED_INCLUDE_IN_FRAMEWORK_HEADER = YES;
				CLANG_WARN_RANGE_LOOP_ANALYSIS = YES;
				CLANG_WARN_STRICT_PROTOTYPES = YES;
				CLANG_WARN_SUSPICIOUS_MOVE = YES;
				CLANG_WARN_UNGUARDED_AVAILABILITY = YES_AGGRESSIVE;
				CLANG_WARN_UNREACHABLE_CODE = YES;
				CLANG_WARN__DUPLICATE_METHOD_MATCH = YES;
				COPY_PHASE_STRIP = NO;
				DEBUG_INFORMATION_FORMAT = dwarf;
				ENABLE_STRICT_OBJC_MSGSEND = YES;
				ENABLE_TESTABILITY = YES;
				GCC_C_LANGUAGE_STANDARD = gnu11;
				GCC_DYNAMIC_NO_PIC = NO;
				GCC_NO_COMMON_BLOCKS = YES;
				GCC_OPTIMIZATION_LEVEL = 0;
				GCC_PREPROCESSOR_DEFINITIONS = (
					"DEBUG=1",
					"$(inherited)",
				);
				GCC_WARN_64_TO_32_BIT_CONVERSION = YES;
				GCC_WARN_ABOUT_RETURN_TYPE = YES_ERROR;
				GCC_WARN_UNDECLARED_SELECTOR = YES;
				GCC_WARN_UNINITIALIZED_AUTOS = YES_AGGRESSIVE;
				GCC_WARN_UNUSED_FUNCTION = YES;
				GCC_WARN_UNUSED_VARIABLE = YES;
				IPHONEOS_DEPLOYMENT_TARGET = 16.0;
				MTL_ENABLE_DEBUG_INFO = INCLUDE_SOURCE;
				MTL_FAST_MATH = YES;
				ONLY_ACTIVE_ARCH = YES;
				SDKROOT = iphoneos;
				SWIFT_ACTIVE_COMPILATION_CONDITIONS = DEBUG;
				SWIFT_OPTIMIZATION_LEVEL = "-Onone";
			};
			name = Debug;
		};
		140E881A2A64B627005119F8 /* Release */ = {
			isa = XCBuildConfiguration;
			baseConfigurationReference = 2BABCB182A76CDD400AFECA3 /* Baggle.xcconfig */;
			buildSettings = {
				ALWAYS_SEARCH_USER_PATHS = NO;
				CLANG_ANALYZER_NONNULL = YES;
				CLANG_ANALYZER_NUMBER_OBJECT_CONVERSION = YES_AGGRESSIVE;
				CLANG_CXX_LANGUAGE_STANDARD = "gnu++20";
				CLANG_ENABLE_MODULES = YES;
				CLANG_ENABLE_OBJC_ARC = YES;
				CLANG_ENABLE_OBJC_WEAK = YES;
				CLANG_WARN_BLOCK_CAPTURE_AUTORELEASING = YES;
				CLANG_WARN_BOOL_CONVERSION = YES;
				CLANG_WARN_COMMA = YES;
				CLANG_WARN_CONSTANT_CONVERSION = YES;
				CLANG_WARN_DEPRECATED_OBJC_IMPLEMENTATIONS = YES;
				CLANG_WARN_DIRECT_OBJC_ISA_USAGE = YES_ERROR;
				CLANG_WARN_DOCUMENTATION_COMMENTS = YES;
				CLANG_WARN_EMPTY_BODY = YES;
				CLANG_WARN_ENUM_CONVERSION = YES;
				CLANG_WARN_INFINITE_RECURSION = YES;
				CLANG_WARN_INT_CONVERSION = YES;
				CLANG_WARN_NON_LITERAL_NULL_CONVERSION = YES;
				CLANG_WARN_OBJC_IMPLICIT_RETAIN_SELF = YES;
				CLANG_WARN_OBJC_LITERAL_CONVERSION = YES;
				CLANG_WARN_OBJC_ROOT_CLASS = YES_ERROR;
				CLANG_WARN_QUOTED_INCLUDE_IN_FRAMEWORK_HEADER = YES;
				CLANG_WARN_RANGE_LOOP_ANALYSIS = YES;
				CLANG_WARN_STRICT_PROTOTYPES = YES;
				CLANG_WARN_SUSPICIOUS_MOVE = YES;
				CLANG_WARN_UNGUARDED_AVAILABILITY = YES_AGGRESSIVE;
				CLANG_WARN_UNREACHABLE_CODE = YES;
				CLANG_WARN__DUPLICATE_METHOD_MATCH = YES;
				COPY_PHASE_STRIP = NO;
				DEBUG_INFORMATION_FORMAT = "dwarf-with-dsym";
				ENABLE_NS_ASSERTIONS = NO;
				ENABLE_STRICT_OBJC_MSGSEND = YES;
				GCC_C_LANGUAGE_STANDARD = gnu11;
				GCC_NO_COMMON_BLOCKS = YES;
				GCC_WARN_64_TO_32_BIT_CONVERSION = YES;
				GCC_WARN_ABOUT_RETURN_TYPE = YES_ERROR;
				GCC_WARN_UNDECLARED_SELECTOR = YES;
				GCC_WARN_UNINITIALIZED_AUTOS = YES_AGGRESSIVE;
				GCC_WARN_UNUSED_FUNCTION = YES;
				GCC_WARN_UNUSED_VARIABLE = YES;
				IPHONEOS_DEPLOYMENT_TARGET = 16.0;
				MTL_ENABLE_DEBUG_INFO = NO;
				MTL_FAST_MATH = YES;
				SDKROOT = iphoneos;
				SWIFT_COMPILATION_MODE = wholemodule;
				SWIFT_OPTIMIZATION_LEVEL = "-O";
				VALIDATE_PRODUCT = YES;
			};
			name = Release;
		};
		140E881C2A64B627005119F8 /* Debug */ = {
			isa = XCBuildConfiguration;
			buildSettings = {
				ASSETCATALOG_COMPILER_APPICON_NAME = AppIcon;
				ASSETCATALOG_COMPILER_GLOBAL_ACCENT_COLOR_NAME = AccentColor;
				CODE_SIGN_ENTITLEMENTS = Baggle/Baggle.entitlements;
				"CODE_SIGN_IDENTITY[sdk=iphoneos*]" = "iPhone Developer";
				CODE_SIGN_STYLE = Manual;
				CURRENT_PROJECT_VERSION = 1;
				DEVELOPMENT_ASSET_PATHS = "\"Baggle/Resources/Preview Content\"";
				DEVELOPMENT_TEAM = "";
				"DEVELOPMENT_TEAM[sdk=iphoneos*]" = YK6FBNFSV5;
				ENABLE_PREVIEWS = YES;
				GENERATE_INFOPLIST_FILE = YES;
				INFOPLIST_FILE = Baggle/Info.plist;
				INFOPLIST_KEY_NSCameraUsageDescription = "\"카메라 권한이 필요합니다\"";
				INFOPLIST_KEY_UIApplicationSceneManifest_Generation = YES;
				INFOPLIST_KEY_UIApplicationSupportsIndirectInputEvents = YES;
				INFOPLIST_KEY_UILaunchScreen_Generation = YES;
				INFOPLIST_KEY_UISupportedInterfaceOrientations_iPad = "UIInterfaceOrientationPortrait UIInterfaceOrientationPortraitUpsideDown UIInterfaceOrientationLandscapeLeft UIInterfaceOrientationLandscapeRight";
				INFOPLIST_KEY_UISupportedInterfaceOrientations_iPhone = "UIInterfaceOrientationPortrait UIInterfaceOrientationLandscapeLeft UIInterfaceOrientationLandscapeRight";
				LD_RUNPATH_SEARCH_PATHS = (
					"$(inherited)",
					"@executable_path/Frameworks",
				);
				MARKETING_VERSION = 1.0;
				PRODUCT_BUNDLE_IDENTIFIER = com.youtak.Baggle;
				PRODUCT_NAME = "$(TARGET_NAME)";
				PROVISIONING_PROFILE_SPECIFIER = "";
				"PROVISIONING_PROFILE_SPECIFIER[sdk=iphoneos*]" = "Baggle development";
				SUPPORTED_PLATFORMS = "iphoneos iphonesimulator";
				SUPPORTS_MACCATALYST = NO;
				SUPPORTS_MAC_DESIGNED_FOR_IPHONE_IPAD = NO;
				SWIFT_EMIT_LOC_STRINGS = YES;
				SWIFT_VERSION = 5.0;
				TARGETED_DEVICE_FAMILY = 1;
			};
			name = Debug;
		};
		140E881D2A64B627005119F8 /* Release */ = {
			isa = XCBuildConfiguration;
			buildSettings = {
				ASSETCATALOG_COMPILER_APPICON_NAME = AppIcon;
				ASSETCATALOG_COMPILER_GLOBAL_ACCENT_COLOR_NAME = AccentColor;
				CODE_SIGN_ENTITLEMENTS = Baggle/Baggle.entitlements;
				"CODE_SIGN_IDENTITY[sdk=iphoneos*]" = "iPhone Distribution";
				CODE_SIGN_STYLE = Manual;
				CURRENT_PROJECT_VERSION = 1;
				DEVELOPMENT_ASSET_PATHS = "\"Baggle/Resources/Preview Content\"";
				DEVELOPMENT_TEAM = "";
				"DEVELOPMENT_TEAM[sdk=iphoneos*]" = YK6FBNFSV5;
				ENABLE_PREVIEWS = YES;
				GENERATE_INFOPLIST_FILE = YES;
				INFOPLIST_FILE = Baggle/Info.plist;
				INFOPLIST_KEY_NSCameraUsageDescription = "\"카메라 권한이 필요합니다\"";
				INFOPLIST_KEY_UIApplicationSceneManifest_Generation = YES;
				INFOPLIST_KEY_UIApplicationSupportsIndirectInputEvents = YES;
				INFOPLIST_KEY_UILaunchScreen_Generation = YES;
				INFOPLIST_KEY_UISupportedInterfaceOrientations_iPad = "UIInterfaceOrientationPortrait UIInterfaceOrientationPortraitUpsideDown UIInterfaceOrientationLandscapeLeft UIInterfaceOrientationLandscapeRight";
				INFOPLIST_KEY_UISupportedInterfaceOrientations_iPhone = "UIInterfaceOrientationPortrait UIInterfaceOrientationLandscapeLeft UIInterfaceOrientationLandscapeRight";
				LD_RUNPATH_SEARCH_PATHS = (
					"$(inherited)",
					"@executable_path/Frameworks",
				);
				MARKETING_VERSION = 1.0;
				PRODUCT_BUNDLE_IDENTIFIER = com.youtak.Baggle;
				PRODUCT_NAME = "$(TARGET_NAME)";
				PROVISIONING_PROFILE_SPECIFIER = "";
				"PROVISIONING_PROFILE_SPECIFIER[sdk=iphoneos*]" = "Baggle Distribution";
				SUPPORTED_PLATFORMS = "iphoneos iphonesimulator";
				SUPPORTS_MACCATALYST = NO;
				SUPPORTS_MAC_DESIGNED_FOR_IPHONE_IPAD = NO;
				SWIFT_EMIT_LOC_STRINGS = YES;
				SWIFT_VERSION = 5.0;
				TARGETED_DEVICE_FAMILY = 1;
			};
			name = Release;
		};
		146C51D82A79139900FF3142 /* Debug */ = {
			isa = XCBuildConfiguration;
			buildSettings = {
				BUNDLE_LOADER = "$(TEST_HOST)";
				CODE_SIGN_STYLE = Automatic;
				CURRENT_PROJECT_VERSION = 1;
				DEVELOPMENT_TEAM = YK6FBNFSV5;
				GENERATE_INFOPLIST_FILE = YES;
				IPHONEOS_DEPLOYMENT_TARGET = 16.4;
				MARKETING_VERSION = 1.0;
				PRODUCT_BUNDLE_IDENTIFIER = com.youtak.BaggleTests;
				PRODUCT_NAME = "$(TARGET_NAME)";
				SWIFT_EMIT_LOC_STRINGS = NO;
				SWIFT_VERSION = 5.0;
				TARGETED_DEVICE_FAMILY = "1,2";
				TEST_HOST = "$(BUILT_PRODUCTS_DIR)/Baggle.app/$(BUNDLE_EXECUTABLE_FOLDER_PATH)/Baggle";
			};
			name = Debug;
		};
		146C51D92A79139900FF3142 /* Release */ = {
			isa = XCBuildConfiguration;
			buildSettings = {
				BUNDLE_LOADER = "$(TEST_HOST)";
				CODE_SIGN_STYLE = Automatic;
				CURRENT_PROJECT_VERSION = 1;
				DEVELOPMENT_TEAM = YK6FBNFSV5;
				GENERATE_INFOPLIST_FILE = YES;
				IPHONEOS_DEPLOYMENT_TARGET = 16.4;
				MARKETING_VERSION = 1.0;
				PRODUCT_BUNDLE_IDENTIFIER = com.youtak.BaggleTests;
				PRODUCT_NAME = "$(TARGET_NAME)";
				SWIFT_EMIT_LOC_STRINGS = NO;
				SWIFT_VERSION = 5.0;
				TARGETED_DEVICE_FAMILY = "1,2";
				TEST_HOST = "$(BUILT_PRODUCTS_DIR)/Baggle.app/$(BUNDLE_EXECUTABLE_FOLDER_PATH)/Baggle";
			};
			name = Release;
		};
/* End XCBuildConfiguration section */

/* Begin XCConfigurationList section */
		140E88082A64B626005119F8 /* Build configuration list for PBXProject "Baggle" */ = {
			isa = XCConfigurationList;
			buildConfigurations = (
				140E88192A64B627005119F8 /* Debug */,
				140E881A2A64B627005119F8 /* Release */,
			);
			defaultConfigurationIsVisible = 0;
			defaultConfigurationName = Release;
		};
		140E881B2A64B627005119F8 /* Build configuration list for PBXNativeTarget "Baggle" */ = {
			isa = XCConfigurationList;
			buildConfigurations = (
				140E881C2A64B627005119F8 /* Debug */,
				140E881D2A64B627005119F8 /* Release */,
			);
			defaultConfigurationIsVisible = 0;
			defaultConfigurationName = Release;
		};
		146C51DA2A79139900FF3142 /* Build configuration list for PBXNativeTarget "BaggleTests" */ = {
			isa = XCConfigurationList;
			buildConfigurations = (
				146C51D82A79139900FF3142 /* Debug */,
				146C51D92A79139900FF3142 /* Release */,
			);
			defaultConfigurationIsVisible = 0;
			defaultConfigurationName = Release;
		};
/* End XCConfigurationList section */

/* Begin XCRemoteSwiftPackageReference section */
		140E881E2A64C3A8005119F8 /* XCRemoteSwiftPackageReference "swift-composable-architecture" */ = {
			isa = XCRemoteSwiftPackageReference;
			repositoryURL = "https://github.com/pointfreeco/swift-composable-architecture";
			requirement = {
				kind = upToNextMajorVersion;
				minimumVersion = 0.55.1;
			};
		};
		140E88212A64C3C2005119F8 /* XCRemoteSwiftPackageReference "Moya" */ = {
			isa = XCRemoteSwiftPackageReference;
			repositoryURL = "https://github.com/Moya/Moya";
			requirement = {
				kind = upToNextMajorVersion;
				minimumVersion = 15.0.0;
			};
		};
		2B35E4EB2A70B6DB00915876 /* XCRemoteSwiftPackageReference "kakao-ios-sdk" */ = {
			isa = XCRemoteSwiftPackageReference;
			repositoryURL = "https://github.com/kakao/kakao-ios-sdk";
			requirement = {
				branch = master;
				kind = branch;
			};
		};
		2B7EC3292A8228F200D78141 /* XCRemoteSwiftPackageReference "Kingfisher" */ = {
			isa = XCRemoteSwiftPackageReference;
			repositoryURL = "https://github.com/onevcat/Kingfisher.git";
			requirement = {
				kind = upToNextMajorVersion;
				minimumVersion = 7.0.0;
			};
		};
		2BABCB122A76CDA400AFECA3 /* XCRemoteSwiftPackageReference "firebase-ios-sdk" */ = {
			isa = XCRemoteSwiftPackageReference;
			repositoryURL = "https://github.com/firebase/firebase-ios-sdk.git";
			requirement = {
				kind = upToNextMajorVersion;
				minimumVersion = 10.0.0;
			};
		};
/* End XCRemoteSwiftPackageReference section */

/* Begin XCSwiftPackageProductDependency section */
		140E881F2A64C3A8005119F8 /* ComposableArchitecture */ = {
			isa = XCSwiftPackageProductDependency;
			package = 140E881E2A64C3A8005119F8 /* XCRemoteSwiftPackageReference "swift-composable-architecture" */;
			productName = ComposableArchitecture;
		};
		140E88222A64C3C2005119F8 /* CombineMoya */ = {
			isa = XCSwiftPackageProductDependency;
			package = 140E88212A64C3C2005119F8 /* XCRemoteSwiftPackageReference "Moya" */;
			productName = CombineMoya;
		};
		140E88242A64C3C2005119F8 /* Moya */ = {
			isa = XCSwiftPackageProductDependency;
			package = 140E88212A64C3C2005119F8 /* XCRemoteSwiftPackageReference "Moya" */;
			productName = Moya;
		};
		146C51DC2A7913B400FF3142 /* FirebaseMessaging */ = {
			isa = XCSwiftPackageProductDependency;
			package = 2BABCB122A76CDA400AFECA3 /* XCRemoteSwiftPackageReference "firebase-ios-sdk" */;
			productName = FirebaseMessaging;
		};
		2B35E4EC2A70B6DB00915876 /* KakaoSDK */ = {
			isa = XCSwiftPackageProductDependency;
			package = 2B35E4EB2A70B6DB00915876 /* XCRemoteSwiftPackageReference "kakao-ios-sdk" */;
			productName = KakaoSDK;
		};
		2B7EC32A2A8228F300D78141 /* Kingfisher */ = {
			isa = XCSwiftPackageProductDependency;
			package = 2B7EC3292A8228F200D78141 /* XCRemoteSwiftPackageReference "Kingfisher" */;
			productName = Kingfisher;
		};
		2BABCB132A76CDA400AFECA3 /* FirebaseAnalytics */ = {
			isa = XCSwiftPackageProductDependency;
			package = 2BABCB122A76CDA400AFECA3 /* XCRemoteSwiftPackageReference "firebase-ios-sdk" */;
			productName = FirebaseAnalytics;
		};
		2BABCB152A76CDA400AFECA3 /* FirebaseMessaging */ = {
			isa = XCSwiftPackageProductDependency;
			package = 2BABCB122A76CDA400AFECA3 /* XCRemoteSwiftPackageReference "firebase-ios-sdk" */;
			productName = FirebaseMessaging;
		};
/* End XCSwiftPackageProductDependency section */
	};
	rootObject = 140E88052A64B626005119F8 /* Project object */;
}
