// !$*UTF8*$!
{
	archiveVersion = 1;
	classes = {
	};
	objectVersion = 56;
	objects = {

/* Begin PBXBuildFile section */
		140E88112A64B626005119F8 /* promiseDemoApp.swift in Sources */ = {isa = PBXBuildFile; fileRef = 140E88102A64B626005119F8 /* promiseDemoApp.swift */; };
		140E88132A64B626005119F8 /* AppView.swift in Sources */ = {isa = PBXBuildFile; fileRef = 140E88122A64B626005119F8 /* AppView.swift */; };
		140E88152A64B627005119F8 /* Assets.xcassets in Resources */ = {isa = PBXBuildFile; fileRef = 140E88142A64B627005119F8 /* Assets.xcassets */; };
		140E88182A64B627005119F8 /* Preview Assets.xcassets in Resources */ = {isa = PBXBuildFile; fileRef = 140E88172A64B627005119F8 /* Preview Assets.xcassets */; };
		140E88202A64C3A8005119F8 /* ComposableArchitecture in Frameworks */ = {isa = PBXBuildFile; productRef = 140E881F2A64C3A8005119F8 /* ComposableArchitecture */; };
		140E88232A64C3C2005119F8 /* CombineMoya in Frameworks */ = {isa = PBXBuildFile; productRef = 140E88222A64C3C2005119F8 /* CombineMoya */; };
		140E88252A64C3C2005119F8 /* Moya in Frameworks */ = {isa = PBXBuildFile; productRef = 140E88242A64C3C2005119F8 /* Moya */; };
		14134D3D2A64C53E004A6AC4 /* Extensions+temp.swift in Sources */ = {isa = PBXBuildFile; fileRef = 14134D3C2A64C53E004A6AC4 /* Extensions+temp.swift */; };
		14134D402A64C558004A6AC4 /* Model+temp.swift in Sources */ = {isa = PBXBuildFile; fileRef = 14134D3F2A64C558004A6AC4 /* Model+temp.swift */; };
		14134D432A64C573004A6AC4 /* Service+Temp.swift in Sources */ = {isa = PBXBuildFile; fileRef = 14134D422A64C573004A6AC4 /* Service+Temp.swift */; };
		14134D4D2A64C60F004A6AC4 /* Color+Temp.swift in Sources */ = {isa = PBXBuildFile; fileRef = 14134D4C2A64C60F004A6AC4 /* Color+Temp.swift */; };
		14134D542A64C944004A6AC4 /* .swiftlint.yml in Resources */ = {isa = PBXBuildFile; fileRef = 14134D522A64C944004A6AC4 /* .swiftlint.yml */; };
		14134D552A64C944004A6AC4 /* .swiftlint.auto.yml in Resources */ = {isa = PBXBuildFile; fileRef = 14134D532A64C944004A6AC4 /* .swiftlint.auto.yml */; };
		141D376F2A681552001067E3 /* MainTabView.swift in Sources */ = {isa = PBXBuildFile; fileRef = 141D376E2A681552001067E3 /* MainTabView.swift */; };
		141D37712A681569001067E3 /* MainTabFeature.swift in Sources */ = {isa = PBXBuildFile; fileRef = 141D37702A681569001067E3 /* MainTabFeature.swift */; };
		1432BE642A68168A0098AAA9 /* TabType.swift in Sources */ = {isa = PBXBuildFile; fileRef = 1432BE632A68168A0098AAA9 /* TabType.swift */; };
		1432BE662A681A600098AAA9 /* LoginFeature.swift in Sources */ = {isa = PBXBuildFile; fileRef = 1432BE652A681A600098AAA9 /* LoginFeature.swift */; };
		1432BE682A681B630098AAA9 /* AppFeature.swift in Sources */ = {isa = PBXBuildFile; fileRef = 1432BE672A681B630098AAA9 /* AppFeature.swift */; };
		1432BE6D2A682FCB0098AAA9 /* HomeView.swift in Sources */ = {isa = PBXBuildFile; fileRef = 1432BE6C2A682FCB0098AAA9 /* HomeView.swift */; };
		1432BE702A682FDB0098AAA9 /* MyPageView.swift in Sources */ = {isa = PBXBuildFile; fileRef = 1432BE6F2A682FDB0098AAA9 /* MyPageView.swift */; };
		14E4C4B62A6E43CA008643D9 /* CreateMeetingView.swift in Sources */ = {isa = PBXBuildFile; fileRef = 14E4C4B42A6E43CA008643D9 /* CreateMeetingView.swift */; };
		14E4C4B72A6E43CA008643D9 /* CreateMeetingFeature.swift in Sources */ = {isa = PBXBuildFile; fileRef = 14E4C4B52A6E43CA008643D9 /* CreateMeetingFeature.swift */; };
		14E5064E2A6B88F7008D5778 /* SignUpNicknameView.swift in Sources */ = {isa = PBXBuildFile; fileRef = 14E5064D2A6B88F7008D5778 /* SignUpNicknameView.swift */; };
		14E506502A6B8913008D5778 /* SignUpNicknameViewFeature.swift in Sources */ = {isa = PBXBuildFile; fileRef = 14E5064F2A6B8913008D5778 /* SignUpNicknameViewFeature.swift */; };
		14E506542A6B8ED3008D5778 /* SignUpProfileImageView.swift in Sources */ = {isa = PBXBuildFile; fileRef = 14E506532A6B8ED3008D5778 /* SignUpProfileImageView.swift */; };
		14E506562A6B8F67008D5778 /* SignUpProfileImageFeature.swift in Sources */ = {isa = PBXBuildFile; fileRef = 14E506552A6B8F67008D5778 /* SignUpProfileImageFeature.swift */; };
		14E506582A6BC576008D5778 /* MyPageFeature.swift in Sources */ = {isa = PBXBuildFile; fileRef = 14E506572A6BC576008D5778 /* MyPageFeature.swift */; };
		14EBE4BE2A68130F007537C8 /* LoginView.swift in Sources */ = {isa = PBXBuildFile; fileRef = 14EBE4BD2A68130F007537C8 /* LoginView.swift */; };
		2B30E33C2A6F9DD500949151 /* UserDefaultWrapper.swift in Sources */ = {isa = PBXBuildFile; fileRef = 2B30E33B2A6F9DD500949151 /* UserDefaultWrapper.swift */; };
		2B30E33E2A6F9DF000949151 /* UserDefaultKeyList.swift in Sources */ = {isa = PBXBuildFile; fileRef = 2B30E33D2A6F9DF000949151 /* UserDefaultKeyList.swift */; };
		2B5CF2682A6EC889004D3033 /* attributedString.swift in Sources */ = {isa = PBXBuildFile; fileRef = 2B5CF2672A6EC889004D3033 /* attributedString.swift */; };
		2B84696A2A6E7AE200D75D32 /* BaggleAlert.swift in Sources */ = {isa = PBXBuildFile; fileRef = 2B84695F2A6E7AE200D75D32 /* BaggleAlert.swift */; };
		2B84696B2A6E7AE200D75D32 /* BaggleTextField.swift in Sources */ = {isa = PBXBuildFile; fileRef = 2B8469612A6E7AE200D75D32 /* BaggleTextField.swift */; };
		2B84696C2A6E7AE200D75D32 /* BaggleTextFieldType.swift in Sources */ = {isa = PBXBuildFile; fileRef = 2B8469622A6E7AE200D75D32 /* BaggleTextFieldType.swift */; };
		2B84696D2A6E7AE200D75D32 /* ShadeView.swift in Sources */ = {isa = PBXBuildFile; fileRef = 2B8469642A6E7AE200D75D32 /* ShadeView.swift */; };
		2B84696E2A6E7AE200D75D32 /* UnderlineView.swift in Sources */ = {isa = PBXBuildFile; fileRef = 2B8469652A6E7AE200D75D32 /* UnderlineView.swift */; };
		2B8469702A6E7AE200D75D32 /* BaggleButtonType.swift in Sources */ = {isa = PBXBuildFile; fileRef = 2B8469682A6E7AE200D75D32 /* BaggleButtonType.swift */; };
		2B8469712A6E7AE200D75D32 /* BaggleButtonStyle.swift in Sources */ = {isa = PBXBuildFile; fileRef = 2B8469692A6E7AE200D75D32 /* BaggleButtonStyle.swift */; };
		2BA345A52A6EB02F00B7E2BD /* BaggleTag.swift in Sources */ = {isa = PBXBuildFile; fileRef = 2BA345A42A6EB02F00B7E2BD /* BaggleTag.swift */; };
		2BA345A72A6EB6BF00B7E2BD /* BaggleColor.swift in Sources */ = {isa = PBXBuildFile; fileRef = 2BA345A62A6EB6BF00B7E2BD /* BaggleColor.swift */; };
		2BD5D5572A6C4EBE0070C196 /* drawUnderline.swift in Sources */ = {isa = PBXBuildFile; fileRef = 2BD5D5562A6C4EBE0070C196 /* drawUnderline.swift */; };
/* End PBXBuildFile section */

/* Begin PBXFileReference section */
		140E880D2A64B626005119F8 /* Baggle.app */ = {isa = PBXFileReference; explicitFileType = wrapper.application; includeInIndex = 0; path = Baggle.app; sourceTree = BUILT_PRODUCTS_DIR; };
		140E88102A64B626005119F8 /* promiseDemoApp.swift */ = {isa = PBXFileReference; lastKnownFileType = sourcecode.swift; path = promiseDemoApp.swift; sourceTree = "<group>"; };
		140E88122A64B626005119F8 /* AppView.swift */ = {isa = PBXFileReference; lastKnownFileType = sourcecode.swift; path = AppView.swift; sourceTree = "<group>"; };
		140E88142A64B627005119F8 /* Assets.xcassets */ = {isa = PBXFileReference; lastKnownFileType = folder.assetcatalog; path = Assets.xcassets; sourceTree = "<group>"; };
		140E88172A64B627005119F8 /* Preview Assets.xcassets */ = {isa = PBXFileReference; lastKnownFileType = folder.assetcatalog; path = "Preview Assets.xcassets"; sourceTree = "<group>"; };
		14134D3C2A64C53E004A6AC4 /* Extensions+temp.swift */ = {isa = PBXFileReference; lastKnownFileType = sourcecode.swift; path = "Extensions+temp.swift"; sourceTree = "<group>"; };
		14134D3F2A64C558004A6AC4 /* Model+temp.swift */ = {isa = PBXFileReference; lastKnownFileType = sourcecode.swift; path = "Model+temp.swift"; sourceTree = "<group>"; };
		14134D422A64C573004A6AC4 /* Service+Temp.swift */ = {isa = PBXFileReference; lastKnownFileType = sourcecode.swift; path = "Service+Temp.swift"; sourceTree = "<group>"; };
		14134D4C2A64C60F004A6AC4 /* Color+Temp.swift */ = {isa = PBXFileReference; lastKnownFileType = sourcecode.swift; path = "Color+Temp.swift"; sourceTree = "<group>"; };
		14134D522A64C944004A6AC4 /* .swiftlint.yml */ = {isa = PBXFileReference; fileEncoding = 4; lastKnownFileType = text.yaml; path = .swiftlint.yml; sourceTree = "<group>"; };
		14134D532A64C944004A6AC4 /* .swiftlint.auto.yml */ = {isa = PBXFileReference; fileEncoding = 4; lastKnownFileType = text.yaml; path = .swiftlint.auto.yml; sourceTree = "<group>"; };
		141D376E2A681552001067E3 /* MainTabView.swift */ = {isa = PBXFileReference; lastKnownFileType = sourcecode.swift; path = MainTabView.swift; sourceTree = "<group>"; };
		141D37702A681569001067E3 /* MainTabFeature.swift */ = {isa = PBXFileReference; lastKnownFileType = sourcecode.swift; path = MainTabFeature.swift; sourceTree = "<group>"; };
		1432BE632A68168A0098AAA9 /* TabType.swift */ = {isa = PBXFileReference; lastKnownFileType = sourcecode.swift; path = TabType.swift; sourceTree = "<group>"; };
		1432BE652A681A600098AAA9 /* LoginFeature.swift */ = {isa = PBXFileReference; lastKnownFileType = sourcecode.swift; path = LoginFeature.swift; sourceTree = "<group>"; };
		1432BE672A681B630098AAA9 /* AppFeature.swift */ = {isa = PBXFileReference; lastKnownFileType = sourcecode.swift; path = AppFeature.swift; sourceTree = "<group>"; };
		1432BE6C2A682FCB0098AAA9 /* HomeView.swift */ = {isa = PBXFileReference; lastKnownFileType = sourcecode.swift; path = HomeView.swift; sourceTree = "<group>"; };
		1432BE6F2A682FDB0098AAA9 /* MyPageView.swift */ = {isa = PBXFileReference; lastKnownFileType = sourcecode.swift; path = MyPageView.swift; sourceTree = "<group>"; };
		14E4C4B42A6E43CA008643D9 /* CreateMeetingView.swift */ = {isa = PBXFileReference; fileEncoding = 4; lastKnownFileType = sourcecode.swift; path = CreateMeetingView.swift; sourceTree = "<group>"; };
		14E4C4B52A6E43CA008643D9 /* CreateMeetingFeature.swift */ = {isa = PBXFileReference; fileEncoding = 4; lastKnownFileType = sourcecode.swift; path = CreateMeetingFeature.swift; sourceTree = "<group>"; };
		14E5064D2A6B88F7008D5778 /* SignUpNicknameView.swift */ = {isa = PBXFileReference; lastKnownFileType = sourcecode.swift; path = SignUpNicknameView.swift; sourceTree = "<group>"; };
		14E5064F2A6B8913008D5778 /* SignUpNicknameViewFeature.swift */ = {isa = PBXFileReference; lastKnownFileType = sourcecode.swift; path = SignUpNicknameViewFeature.swift; sourceTree = "<group>"; };
		14E506532A6B8ED3008D5778 /* SignUpProfileImageView.swift */ = {isa = PBXFileReference; lastKnownFileType = sourcecode.swift; path = SignUpProfileImageView.swift; sourceTree = "<group>"; };
		14E506552A6B8F67008D5778 /* SignUpProfileImageFeature.swift */ = {isa = PBXFileReference; lastKnownFileType = sourcecode.swift; path = SignUpProfileImageFeature.swift; sourceTree = "<group>"; };
		14E506572A6BC576008D5778 /* MyPageFeature.swift */ = {isa = PBXFileReference; lastKnownFileType = sourcecode.swift; path = MyPageFeature.swift; sourceTree = "<group>"; };
		14EBE4BD2A68130F007537C8 /* LoginView.swift */ = {isa = PBXFileReference; lastKnownFileType = sourcecode.swift; path = LoginView.swift; sourceTree = "<group>"; };
		2B30E33B2A6F9DD500949151 /* UserDefaultWrapper.swift */ = {isa = PBXFileReference; lastKnownFileType = sourcecode.swift; path = UserDefaultWrapper.swift; sourceTree = "<group>"; };
		2B30E33D2A6F9DF000949151 /* UserDefaultKeyList.swift */ = {isa = PBXFileReference; lastKnownFileType = sourcecode.swift; path = UserDefaultKeyList.swift; sourceTree = "<group>"; };
		2B5CF2672A6EC889004D3033 /* attributedString.swift */ = {isa = PBXFileReference; lastKnownFileType = sourcecode.swift; path = attributedString.swift; sourceTree = "<group>"; };
		2B84695F2A6E7AE200D75D32 /* BaggleAlert.swift */ = {isa = PBXFileReference; fileEncoding = 4; lastKnownFileType = sourcecode.swift; path = BaggleAlert.swift; sourceTree = "<group>"; };
		2B8469612A6E7AE200D75D32 /* BaggleTextField.swift */ = {isa = PBXFileReference; fileEncoding = 4; lastKnownFileType = sourcecode.swift; path = BaggleTextField.swift; sourceTree = "<group>"; };
		2B8469622A6E7AE200D75D32 /* BaggleTextFieldType.swift */ = {isa = PBXFileReference; fileEncoding = 4; lastKnownFileType = sourcecode.swift; path = BaggleTextFieldType.swift; sourceTree = "<group>"; };
		2B8469642A6E7AE200D75D32 /* ShadeView.swift */ = {isa = PBXFileReference; fileEncoding = 4; lastKnownFileType = sourcecode.swift; path = ShadeView.swift; sourceTree = "<group>"; };
		2B8469652A6E7AE200D75D32 /* UnderlineView.swift */ = {isa = PBXFileReference; fileEncoding = 4; lastKnownFileType = sourcecode.swift; path = UnderlineView.swift; sourceTree = "<group>"; };
		2B8469682A6E7AE200D75D32 /* BaggleButtonType.swift */ = {isa = PBXFileReference; fileEncoding = 4; lastKnownFileType = sourcecode.swift; path = BaggleButtonType.swift; sourceTree = "<group>"; };
		2B8469692A6E7AE200D75D32 /* BaggleButtonStyle.swift */ = {isa = PBXFileReference; fileEncoding = 4; lastKnownFileType = sourcecode.swift; path = BaggleButtonStyle.swift; sourceTree = "<group>"; };
		2BA345A42A6EB02F00B7E2BD /* BaggleTag.swift */ = {isa = PBXFileReference; lastKnownFileType = sourcecode.swift; path = BaggleTag.swift; sourceTree = "<group>"; };
		2BA345A62A6EB6BF00B7E2BD /* BaggleColor.swift */ = {isa = PBXFileReference; lastKnownFileType = sourcecode.swift; path = BaggleColor.swift; sourceTree = "<group>"; };
		2BD5D5562A6C4EBE0070C196 /* drawUnderline.swift */ = {isa = PBXFileReference; lastKnownFileType = sourcecode.swift; path = drawUnderline.swift; sourceTree = "<group>"; };
/* End PBXFileReference section */

/* Begin PBXFrameworksBuildPhase section */
		140E880A2A64B626005119F8 /* Frameworks */ = {
			isa = PBXFrameworksBuildPhase;
			buildActionMask = 2147483647;
			files = (
				140E88232A64C3C2005119F8 /* CombineMoya in Frameworks */,
				140E88202A64C3A8005119F8 /* ComposableArchitecture in Frameworks */,
				140E88252A64C3C2005119F8 /* Moya in Frameworks */,
			);
			runOnlyForDeploymentPostprocessing = 0;
		};
/* End PBXFrameworksBuildPhase section */

/* Begin PBXGroup section */
		140E88042A64B626005119F8 = {
			isa = PBXGroup;
			children = (
				14134D532A64C944004A6AC4 /* .swiftlint.auto.yml */,
				14134D522A64C944004A6AC4 /* .swiftlint.yml */,
				140E880F2A64B626005119F8 /* Baggle */,
				140E880E2A64B626005119F8 /* Products */,
			);
			sourceTree = "<group>";
		};
		140E880E2A64B626005119F8 /* Products */ = {
			isa = PBXGroup;
			children = (
				140E880D2A64B626005119F8 /* Baggle.app */,
			);
			name = Products;
			sourceTree = "<group>";
		};
		140E880F2A64B626005119F8 /* Baggle */ = {
			isa = PBXGroup;
			children = (
				14134D382A64C4CC004A6AC4 /* Resources */,
				14134D392A64C4ED004A6AC4 /* Sources */,
				14134D3A2A64C50D004A6AC4 /* Core */,
				14134D442A64C57E004A6AC4 /* Features */,
				14134D452A64C582004A6AC4 /* DesignSystem */,
			);
			path = Baggle;
			sourceTree = "<group>";
		};
		140E88162A64B627005119F8 /* Preview Content */ = {
			isa = PBXGroup;
			children = (
				140E88172A64B627005119F8 /* Preview Assets.xcassets */,
			);
			path = "Preview Content";
			sourceTree = "<group>";
		};
		14134D382A64C4CC004A6AC4 /* Resources */ = {
			isa = PBXGroup;
			children = (
				140E88162A64B627005119F8 /* Preview Content */,
				140E88142A64B627005119F8 /* Assets.xcassets */,
			);
			path = Resources;
			sourceTree = "<group>";
		};
		14134D392A64C4ED004A6AC4 /* Sources */ = {
			isa = PBXGroup;
			children = (
				140E88102A64B626005119F8 /* promiseDemoApp.swift */,
			);
			path = Sources;
			sourceTree = "<group>";
		};
		14134D3A2A64C50D004A6AC4 /* Core */ = {
			isa = PBXGroup;
			children = (
				14134D3B2A64C532004A6AC4 /* Common */,
				14134D3E2A64C54F004A6AC4 /* Models */,
				14134D412A64C561004A6AC4 /* Services */,
			);
			path = Core;
			sourceTree = "<group>";
		};
		14134D3B2A64C532004A6AC4 /* Common */ = {
			isa = PBXGroup;
			children = (
				14134D3C2A64C53E004A6AC4 /* Extensions+temp.swift */,
				2B30E33B2A6F9DD500949151 /* UserDefaultWrapper.swift */,
				2B30E33D2A6F9DF000949151 /* UserDefaultKeyList.swift */,
			);
			path = Common;
			sourceTree = "<group>";
		};
		14134D3E2A64C54F004A6AC4 /* Models */ = {
			isa = PBXGroup;
			children = (
				14134D3F2A64C558004A6AC4 /* Model+temp.swift */,
			);
			path = Models;
			sourceTree = "<group>";
		};
		14134D412A64C561004A6AC4 /* Services */ = {
			isa = PBXGroup;
			children = (
				14134D422A64C573004A6AC4 /* Service+Temp.swift */,
			);
			path = Services;
			sourceTree = "<group>";
		};
		14134D442A64C57E004A6AC4 /* Features */ = {
			isa = PBXGroup;
			children = (
				1432BE712A68302F0098AAA9 /* App */,
				14EBE4BC2A681308007537C8 /* Login */,
				14EBE4BF2A681311007537C8 /* Tab */,
			);
			path = Features;
			sourceTree = "<group>";
		};
		14134D452A64C582004A6AC4 /* DesignSystem */ = {
			isa = PBXGroup;
			children = (
				2B84695D2A6E7AE200D75D32 /* View */,
				14134D492A64C5CF004A6AC4 /* Extension */,
			);
			path = DesignSystem;
			sourceTree = "<group>";
		};
		14134D492A64C5CF004A6AC4 /* Extension */ = {
			isa = PBXGroup;
			children = (
				2BD5D5562A6C4EBE0070C196 /* drawUnderline.swift */,
				14134D4C2A64C60F004A6AC4 /* Color+Temp.swift */,
				2B5CF2672A6EC889004D3033 /* attributedString.swift */,
			);
			path = Extension;
			sourceTree = "<group>";
		};
		1432BE692A682FB10098AAA9 /* MainTab */ = {
			isa = PBXGroup;
			children = (
				141D376E2A681552001067E3 /* MainTabView.swift */,
				141D37702A681569001067E3 /* MainTabFeature.swift */,
			);
			path = MainTab;
			sourceTree = "<group>";
		};
		1432BE6A2A682FB80098AAA9 /* Common */ = {
			isa = PBXGroup;
			children = (
				1432BE632A68168A0098AAA9 /* TabType.swift */,
			);
			path = Common;
			sourceTree = "<group>";
		};
		1432BE6B2A682FBE0098AAA9 /* Home */ = {
			isa = PBXGroup;
			children = (
				1432BE6C2A682FCB0098AAA9 /* HomeView.swift */,
			);
			path = Home;
			sourceTree = "<group>";
		};
		1432BE6E2A682FCE0098AAA9 /* MyPage */ = {
			isa = PBXGroup;
			children = (
				1432BE6F2A682FDB0098AAA9 /* MyPageView.swift */,
				14E506572A6BC576008D5778 /* MyPageFeature.swift */,
			);
			path = MyPage;
			sourceTree = "<group>";
		};
		1432BE712A68302F0098AAA9 /* App */ = {
			isa = PBXGroup;
			children = (
				140E88122A64B626005119F8 /* AppView.swift */,
				1432BE672A681B630098AAA9 /* AppFeature.swift */,
			);
			path = App;
			sourceTree = "<group>";
		};
		14E4C4B32A6E43CA008643D9 /* CreateMeeting */ = {
			isa = PBXGroup;
			children = (
				14E4C4B42A6E43CA008643D9 /* CreateMeetingView.swift */,
				14E4C4B52A6E43CA008643D9 /* CreateMeetingFeature.swift */,
			);
			path = CreateMeeting;
			sourceTree = "<group>";
		};
		14E5064C2A6B88ED008D5778 /* SignUp */ = {
			isa = PBXGroup;
			children = (
				14E506512A6B8EB6008D5778 /* Nickname */,
				14E506522A6B8EBB008D5778 /* ProfileImage */,
			);
			path = SignUp;
			sourceTree = "<group>";
		};
		14E506512A6B8EB6008D5778 /* Nickname */ = {
			isa = PBXGroup;
			children = (
				14E5064D2A6B88F7008D5778 /* SignUpNicknameView.swift */,
				14E5064F2A6B8913008D5778 /* SignUpNicknameViewFeature.swift */,
			);
			path = Nickname;
			sourceTree = "<group>";
		};
		14E506522A6B8EBB008D5778 /* ProfileImage */ = {
			isa = PBXGroup;
			children = (
				14E506532A6B8ED3008D5778 /* SignUpProfileImageView.swift */,
				14E506552A6B8F67008D5778 /* SignUpProfileImageFeature.swift */,
			);
			path = ProfileImage;
			sourceTree = "<group>";
		};
		14EBE4BC2A681308007537C8 /* Login */ = {
			isa = PBXGroup;
			children = (
				14E5064C2A6B88ED008D5778 /* SignUp */,
				14EBE4BD2A68130F007537C8 /* LoginView.swift */,
				1432BE652A681A600098AAA9 /* LoginFeature.swift */,
			);
			path = Login;
			sourceTree = "<group>";
		};
		14EBE4BF2A681311007537C8 /* Tab */ = {
			isa = PBXGroup;
			children = (
				1432BE6A2A682FB80098AAA9 /* Common */,
				1432BE692A682FB10098AAA9 /* MainTab */,
				1432BE6B2A682FBE0098AAA9 /* Home */,
				14E4C4B32A6E43CA008643D9 /* CreateMeeting */,
				1432BE6E2A682FCE0098AAA9 /* MyPage */,
			);
			path = Tab;
			sourceTree = "<group>";
		};
		2B84695D2A6E7AE200D75D32 /* View */ = {
			isa = PBXGroup;
			children = (
				2BA345A32A6EB00900B7E2BD /* Tag */,
				2B84695E2A6E7AE200D75D32 /* Alert */,
				2B8469602A6E7AE200D75D32 /* TextField */,
				2B8469632A6E7AE200D75D32 /* Common */,
				2B8469662A6E7AE200D75D32 /* Button */,
			);
			path = View;
			sourceTree = "<group>";
		};
		2B84695E2A6E7AE200D75D32 /* Alert */ = {
			isa = PBXGroup;
			children = (
				2B84695F2A6E7AE200D75D32 /* BaggleAlert.swift */,
			);
			path = Alert;
			sourceTree = "<group>";
		};
		2B8469602A6E7AE200D75D32 /* TextField */ = {
			isa = PBXGroup;
			children = (
				2B8469612A6E7AE200D75D32 /* BaggleTextField.swift */,
				2B8469622A6E7AE200D75D32 /* BaggleTextFieldType.swift */,
			);
			path = TextField;
			sourceTree = "<group>";
		};
		2B8469632A6E7AE200D75D32 /* Common */ = {
			isa = PBXGroup;
			children = (
				2B8469642A6E7AE200D75D32 /* ShadeView.swift */,
				2B8469652A6E7AE200D75D32 /* UnderlineView.swift */,
			);
			path = Common;
			sourceTree = "<group>";
		};
		2B8469662A6E7AE200D75D32 /* Button */ = {
			isa = PBXGroup;
			children = (
				2B8469682A6E7AE200D75D32 /* BaggleButtonType.swift */,
				2B8469692A6E7AE200D75D32 /* BaggleButtonStyle.swift */,
			);
			path = Button;
			sourceTree = "<group>";
		};
		2BA345A32A6EB00900B7E2BD /* Tag */ = {
			isa = PBXGroup;
			children = (
				2BA345A42A6EB02F00B7E2BD /* BaggleTag.swift */,
				2BA345A62A6EB6BF00B7E2BD /* BaggleColor.swift */,
			);
			path = Tag;
			sourceTree = "<group>";
		};
/* End PBXGroup section */

/* Begin PBXNativeTarget section */
		140E880C2A64B626005119F8 /* Baggle */ = {
			isa = PBXNativeTarget;
			buildConfigurationList = 140E881B2A64B627005119F8 /* Build configuration list for PBXNativeTarget "Baggle" */;
			buildPhases = (
				140E88092A64B626005119F8 /* Sources */,
				140E880A2A64B626005119F8 /* Frameworks */,
				140E880B2A64B626005119F8 /* Resources */,
				14134D562A64CC42004A6AC4 /* Run Swiftlint */,
			);
			buildRules = (
			);
			dependencies = (
			);
			name = Baggle;
			packageProductDependencies = (
				140E881F2A64C3A8005119F8 /* ComposableArchitecture */,
				140E88222A64C3C2005119F8 /* CombineMoya */,
				140E88242A64C3C2005119F8 /* Moya */,
			);
			productName = promiseDemo;
			productReference = 140E880D2A64B626005119F8 /* Baggle.app */;
			productType = "com.apple.product-type.application";
		};
/* End PBXNativeTarget section */

/* Begin PBXProject section */
		140E88052A64B626005119F8 /* Project object */ = {
			isa = PBXProject;
			attributes = {
				BuildIndependentTargetsInParallel = 1;
				LastSwiftUpdateCheck = 1430;
				LastUpgradeCheck = 1430;
				TargetAttributes = {
					140E880C2A64B626005119F8 = {
						CreatedOnToolsVersion = 14.3;
					};
				};
			};
			buildConfigurationList = 140E88082A64B626005119F8 /* Build configuration list for PBXProject "Baggle" */;
			compatibilityVersion = "Xcode 14.0";
			developmentRegion = en;
			hasScannedForEncodings = 0;
			knownRegions = (
				en,
				Base,
			);
			mainGroup = 140E88042A64B626005119F8;
			packageReferences = (
				140E881E2A64C3A8005119F8 /* XCRemoteSwiftPackageReference "swift-composable-architecture" */,
				140E88212A64C3C2005119F8 /* XCRemoteSwiftPackageReference "Moya" */,
			);
			productRefGroup = 140E880E2A64B626005119F8 /* Products */;
			projectDirPath = "";
			projectRoot = "";
			targets = (
				140E880C2A64B626005119F8 /* Baggle */,
			);
		};
/* End PBXProject section */

/* Begin PBXResourcesBuildPhase section */
		140E880B2A64B626005119F8 /* Resources */ = {
			isa = PBXResourcesBuildPhase;
			buildActionMask = 2147483647;
			files = (
				14134D552A64C944004A6AC4 /* .swiftlint.auto.yml in Resources */,
				14134D542A64C944004A6AC4 /* .swiftlint.yml in Resources */,
				140E88182A64B627005119F8 /* Preview Assets.xcassets in Resources */,
				140E88152A64B627005119F8 /* Assets.xcassets in Resources */,
			);
			runOnlyForDeploymentPostprocessing = 0;
		};
/* End PBXResourcesBuildPhase section */

/* Begin PBXShellScriptBuildPhase section */
		14134D562A64CC42004A6AC4 /* Run Swiftlint */ = {
			isa = PBXShellScriptBuildPhase;
			alwaysOutOfDate = 1;
			buildActionMask = 2147483647;
			files = (
			);
			inputFileListPaths = (
			);
			inputPaths = (
			);
			name = "Run Swiftlint";
			outputFileListPaths = (
			);
			outputPaths = (
			);
			runOnlyForDeploymentPostprocessing = 0;
			shellPath = /bin/sh;
			shellScript = "export PATH=\"$PATH:/opt/homebrew/bin\"\nif which swiftlint > /dev/null; then\n  swiftlint --fix --config \".swiftlint.auto.yml\" && swiftlint\nelse\n  echo \"warning: SwiftLint not installed, download from https://github.com/realm/SwiftLint\"\nfi\n";
		};
/* End PBXShellScriptBuildPhase section */

/* Begin PBXSourcesBuildPhase section */
		140E88092A64B626005119F8 /* Sources */ = {
			isa = PBXSourcesBuildPhase;
			buildActionMask = 2147483647;
			files = (
				141D376F2A681552001067E3 /* MainTabView.swift in Sources */,
				2B8469712A6E7AE200D75D32 /* BaggleButtonStyle.swift in Sources */,
				14E506582A6BC576008D5778 /* MyPageFeature.swift in Sources */,
				2B84696D2A6E7AE200D75D32 /* ShadeView.swift in Sources */,
				1432BE6D2A682FCB0098AAA9 /* HomeView.swift in Sources */,
				1432BE662A681A600098AAA9 /* LoginFeature.swift in Sources */,
				141D37712A681569001067E3 /* MainTabFeature.swift in Sources */,
				2B8469702A6E7AE200D75D32 /* BaggleButtonType.swift in Sources */,
				2B30E33E2A6F9DF000949151 /* UserDefaultKeyList.swift in Sources */,
				2BD5D5572A6C4EBE0070C196 /* drawUnderline.swift in Sources */,
				14134D3D2A64C53E004A6AC4 /* Extensions+temp.swift in Sources */,
				1432BE702A682FDB0098AAA9 /* MyPageView.swift in Sources */,
				14134D402A64C558004A6AC4 /* Model+temp.swift in Sources */,
				1432BE642A68168A0098AAA9 /* TabType.swift in Sources */,
				2BA345A72A6EB6BF00B7E2BD /* BaggleColor.swift in Sources */,
				14E506542A6B8ED3008D5778 /* SignUpProfileImageView.swift in Sources */,
				2B84696B2A6E7AE200D75D32 /* BaggleTextField.swift in Sources */,
				2BA345A52A6EB02F00B7E2BD /* BaggleTag.swift in Sources */,
				14134D4D2A64C60F004A6AC4 /* Color+Temp.swift in Sources */,
				14134D432A64C573004A6AC4 /* Service+Temp.swift in Sources */,
				140E88132A64B626005119F8 /* AppView.swift in Sources */,
				14E506502A6B8913008D5778 /* SignUpNicknameViewFeature.swift in Sources */,
				2B84696E2A6E7AE200D75D32 /* UnderlineView.swift in Sources */,
				2B84696C2A6E7AE200D75D32 /* BaggleTextFieldType.swift in Sources */,
				14E5064E2A6B88F7008D5778 /* SignUpNicknameView.swift in Sources */,
				14EBE4BE2A68130F007537C8 /* LoginView.swift in Sources */,
				14E506562A6B8F67008D5778 /* SignUpProfileImageFeature.swift in Sources */,
				2B84696A2A6E7AE200D75D32 /* BaggleAlert.swift in Sources */,
				2B30E33C2A6F9DD500949151 /* UserDefaultWrapper.swift in Sources */,
				1432BE682A681B630098AAA9 /* AppFeature.swift in Sources */,
				14E4C4B62A6E43CA008643D9 /* CreateMeetingView.swift in Sources */,
				2B5CF2682A6EC889004D3033 /* attributedString.swift in Sources */,
				14E4C4B72A6E43CA008643D9 /* CreateMeetingFeature.swift in Sources */,
				140E88112A64B626005119F8 /* promiseDemoApp.swift in Sources */,
			);
			runOnlyForDeploymentPostprocessing = 0;
		};
/* End PBXSourcesBuildPhase section */

/* Begin XCBuildConfiguration section */
		140E88192A64B627005119F8 /* Debug */ = {
			isa = XCBuildConfiguration;
			buildSettings = {
				ALWAYS_SEARCH_USER_PATHS = NO;
				CLANG_ANALYZER_NONNULL = YES;
				CLANG_ANALYZER_NUMBER_OBJECT_CONVERSION = YES_AGGRESSIVE;
				CLANG_CXX_LANGUAGE_STANDARD = "gnu++20";
				CLANG_ENABLE_MODULES = YES;
				CLANG_ENABLE_OBJC_ARC = YES;
				CLANG_ENABLE_OBJC_WEAK = YES;
				CLANG_WARN_BLOCK_CAPTURE_AUTORELEASING = YES;
				CLANG_WARN_BOOL_CONVERSION = YES;
				CLANG_WARN_COMMA = YES;
				CLANG_WARN_CONSTANT_CONVERSION = YES;
				CLANG_WARN_DEPRECATED_OBJC_IMPLEMENTATIONS = YES;
				CLANG_WARN_DIRECT_OBJC_ISA_USAGE = YES_ERROR;
				CLANG_WARN_DOCUMENTATION_COMMENTS = YES;
				CLANG_WARN_EMPTY_BODY = YES;
				CLANG_WARN_ENUM_CONVERSION = YES;
				CLANG_WARN_INFINITE_RECURSION = YES;
				CLANG_WARN_INT_CONVERSION = YES;
				CLANG_WARN_NON_LITERAL_NULL_CONVERSION = YES;
				CLANG_WARN_OBJC_IMPLICIT_RETAIN_SELF = YES;
				CLANG_WARN_OBJC_LITERAL_CONVERSION = YES;
				CLANG_WARN_OBJC_ROOT_CLASS = YES_ERROR;
				CLANG_WARN_QUOTED_INCLUDE_IN_FRAMEWORK_HEADER = YES;
				CLANG_WARN_RANGE_LOOP_ANALYSIS = YES;
				CLANG_WARN_STRICT_PROTOTYPES = YES;
				CLANG_WARN_SUSPICIOUS_MOVE = YES;
				CLANG_WARN_UNGUARDED_AVAILABILITY = YES_AGGRESSIVE;
				CLANG_WARN_UNREACHABLE_CODE = YES;
				CLANG_WARN__DUPLICATE_METHOD_MATCH = YES;
				COPY_PHASE_STRIP = NO;
				DEBUG_INFORMATION_FORMAT = dwarf;
				ENABLE_STRICT_OBJC_MSGSEND = YES;
				ENABLE_TESTABILITY = YES;
				GCC_C_LANGUAGE_STANDARD = gnu11;
				GCC_DYNAMIC_NO_PIC = NO;
				GCC_NO_COMMON_BLOCKS = YES;
				GCC_OPTIMIZATION_LEVEL = 0;
				GCC_PREPROCESSOR_DEFINITIONS = (
					"DEBUG=1",
					"$(inherited)",
				);
				GCC_WARN_64_TO_32_BIT_CONVERSION = YES;
				GCC_WARN_ABOUT_RETURN_TYPE = YES_ERROR;
				GCC_WARN_UNDECLARED_SELECTOR = YES;
				GCC_WARN_UNINITIALIZED_AUTOS = YES_AGGRESSIVE;
				GCC_WARN_UNUSED_FUNCTION = YES;
				GCC_WARN_UNUSED_VARIABLE = YES;
				IPHONEOS_DEPLOYMENT_TARGET = 16.0;
				MTL_ENABLE_DEBUG_INFO = INCLUDE_SOURCE;
				MTL_FAST_MATH = YES;
				ONLY_ACTIVE_ARCH = YES;
				SDKROOT = iphoneos;
				SWIFT_ACTIVE_COMPILATION_CONDITIONS = DEBUG;
				SWIFT_OPTIMIZATION_LEVEL = "-Onone";
			};
			name = Debug;
		};
		140E881A2A64B627005119F8 /* Release */ = {
			isa = XCBuildConfiguration;
			buildSettings = {
				ALWAYS_SEARCH_USER_PATHS = NO;
				CLANG_ANALYZER_NONNULL = YES;
				CLANG_ANALYZER_NUMBER_OBJECT_CONVERSION = YES_AGGRESSIVE;
				CLANG_CXX_LANGUAGE_STANDARD = "gnu++20";
				CLANG_ENABLE_MODULES = YES;
				CLANG_ENABLE_OBJC_ARC = YES;
				CLANG_ENABLE_OBJC_WEAK = YES;
				CLANG_WARN_BLOCK_CAPTURE_AUTORELEASING = YES;
				CLANG_WARN_BOOL_CONVERSION = YES;
				CLANG_WARN_COMMA = YES;
				CLANG_WARN_CONSTANT_CONVERSION = YES;
				CLANG_WARN_DEPRECATED_OBJC_IMPLEMENTATIONS = YES;
				CLANG_WARN_DIRECT_OBJC_ISA_USAGE = YES_ERROR;
				CLANG_WARN_DOCUMENTATION_COMMENTS = YES;
				CLANG_WARN_EMPTY_BODY = YES;
				CLANG_WARN_ENUM_CONVERSION = YES;
				CLANG_WARN_INFINITE_RECURSION = YES;
				CLANG_WARN_INT_CONVERSION = YES;
				CLANG_WARN_NON_LITERAL_NULL_CONVERSION = YES;
				CLANG_WARN_OBJC_IMPLICIT_RETAIN_SELF = YES;
				CLANG_WARN_OBJC_LITERAL_CONVERSION = YES;
				CLANG_WARN_OBJC_ROOT_CLASS = YES_ERROR;
				CLANG_WARN_QUOTED_INCLUDE_IN_FRAMEWORK_HEADER = YES;
				CLANG_WARN_RANGE_LOOP_ANALYSIS = YES;
				CLANG_WARN_STRICT_PROTOTYPES = YES;
				CLANG_WARN_SUSPICIOUS_MOVE = YES;
				CLANG_WARN_UNGUARDED_AVAILABILITY = YES_AGGRESSIVE;
				CLANG_WARN_UNREACHABLE_CODE = YES;
				CLANG_WARN__DUPLICATE_METHOD_MATCH = YES;
				COPY_PHASE_STRIP = NO;
				DEBUG_INFORMATION_FORMAT = "dwarf-with-dsym";
				ENABLE_NS_ASSERTIONS = NO;
				ENABLE_STRICT_OBJC_MSGSEND = YES;
				GCC_C_LANGUAGE_STANDARD = gnu11;
				GCC_NO_COMMON_BLOCKS = YES;
				GCC_WARN_64_TO_32_BIT_CONVERSION = YES;
				GCC_WARN_ABOUT_RETURN_TYPE = YES_ERROR;
				GCC_WARN_UNDECLARED_SELECTOR = YES;
				GCC_WARN_UNINITIALIZED_AUTOS = YES_AGGRESSIVE;
				GCC_WARN_UNUSED_FUNCTION = YES;
				GCC_WARN_UNUSED_VARIABLE = YES;
				IPHONEOS_DEPLOYMENT_TARGET = 16.0;
				MTL_ENABLE_DEBUG_INFO = NO;
				MTL_FAST_MATH = YES;
				SDKROOT = iphoneos;
				SWIFT_COMPILATION_MODE = wholemodule;
				SWIFT_OPTIMIZATION_LEVEL = "-O";
				VALIDATE_PRODUCT = YES;
			};
			name = Release;
		};
		140E881C2A64B627005119F8 /* Debug */ = {
			isa = XCBuildConfiguration;
			buildSettings = {
				ASSETCATALOG_COMPILER_APPICON_NAME = AppIcon;
				ASSETCATALOG_COMPILER_GLOBAL_ACCENT_COLOR_NAME = AccentColor;
				"CODE_SIGN_IDENTITY[sdk=iphoneos*]" = "iPhone Developer";
				CODE_SIGN_STYLE = Manual;
				CURRENT_PROJECT_VERSION = 1;
				DEVELOPMENT_ASSET_PATHS = "\"Baggle/Resources/Preview Content\"";
				DEVELOPMENT_TEAM = "";
				"DEVELOPMENT_TEAM[sdk=iphoneos*]" = YK6FBNFSV5;
				ENABLE_PREVIEWS = YES;
				GENERATE_INFOPLIST_FILE = YES;
				INFOPLIST_KEY_UIApplicationSceneManifest_Generation = YES;
				INFOPLIST_KEY_UIApplicationSupportsIndirectInputEvents = YES;
				INFOPLIST_KEY_UILaunchScreen_Generation = YES;
				INFOPLIST_KEY_UISupportedInterfaceOrientations_iPad = "UIInterfaceOrientationPortrait UIInterfaceOrientationPortraitUpsideDown UIInterfaceOrientationLandscapeLeft UIInterfaceOrientationLandscapeRight";
				INFOPLIST_KEY_UISupportedInterfaceOrientations_iPhone = "UIInterfaceOrientationPortrait UIInterfaceOrientationLandscapeLeft UIInterfaceOrientationLandscapeRight";
				LD_RUNPATH_SEARCH_PATHS = (
					"$(inherited)",
					"@executable_path/Frameworks",
				);
				MARKETING_VERSION = 1.0;
				PRODUCT_BUNDLE_IDENTIFIER = com.youtak.Baggle;
				PRODUCT_NAME = "$(TARGET_NAME)";
				PROVISIONING_PROFILE_SPECIFIER = "";
				"PROVISIONING_PROFILE_SPECIFIER[sdk=iphoneos*]" = "Baggle development";
				SUPPORTED_PLATFORMS = "iphoneos iphonesimulator";
				SUPPORTS_MACCATALYST = NO;
				SUPPORTS_MAC_DESIGNED_FOR_IPHONE_IPAD = NO;
				SWIFT_EMIT_LOC_STRINGS = YES;
				SWIFT_VERSION = 5.0;
				TARGETED_DEVICE_FAMILY = 1;
			};
			name = Debug;
		};
		140E881D2A64B627005119F8 /* Release */ = {
			isa = XCBuildConfiguration;
			buildSettings = {
				ASSETCATALOG_COMPILER_APPICON_NAME = AppIcon;
				ASSETCATALOG_COMPILER_GLOBAL_ACCENT_COLOR_NAME = AccentColor;
				"CODE_SIGN_IDENTITY[sdk=iphoneos*]" = "iPhone Distribution";
				CODE_SIGN_STYLE = Manual;
				CURRENT_PROJECT_VERSION = 1;
				DEVELOPMENT_ASSET_PATHS = "\"Baggle/Resources/Preview Content\"";
				DEVELOPMENT_TEAM = "";
				"DEVELOPMENT_TEAM[sdk=iphoneos*]" = YK6FBNFSV5;
				ENABLE_PREVIEWS = YES;
				GENERATE_INFOPLIST_FILE = YES;
				INFOPLIST_KEY_UIApplicationSceneManifest_Generation = YES;
				INFOPLIST_KEY_UIApplicationSupportsIndirectInputEvents = YES;
				INFOPLIST_KEY_UILaunchScreen_Generation = YES;
				INFOPLIST_KEY_UISupportedInterfaceOrientations_iPad = "UIInterfaceOrientationPortrait UIInterfaceOrientationPortraitUpsideDown UIInterfaceOrientationLandscapeLeft UIInterfaceOrientationLandscapeRight";
				INFOPLIST_KEY_UISupportedInterfaceOrientations_iPhone = "UIInterfaceOrientationPortrait UIInterfaceOrientationLandscapeLeft UIInterfaceOrientationLandscapeRight";
				LD_RUNPATH_SEARCH_PATHS = (
					"$(inherited)",
					"@executable_path/Frameworks",
				);
				MARKETING_VERSION = 1.0;
				PRODUCT_BUNDLE_IDENTIFIER = com.youtak.Baggle;
				PRODUCT_NAME = "$(TARGET_NAME)";
				PROVISIONING_PROFILE_SPECIFIER = "";
				"PROVISIONING_PROFILE_SPECIFIER[sdk=iphoneos*]" = "Baggle Distribution";
				SUPPORTED_PLATFORMS = "iphoneos iphonesimulator";
				SUPPORTS_MACCATALYST = NO;
				SUPPORTS_MAC_DESIGNED_FOR_IPHONE_IPAD = NO;
				SWIFT_EMIT_LOC_STRINGS = YES;
				SWIFT_VERSION = 5.0;
				TARGETED_DEVICE_FAMILY = 1;
			};
			name = Release;
		};
/* End XCBuildConfiguration section */

/* Begin XCConfigurationList section */
		140E88082A64B626005119F8 /* Build configuration list for PBXProject "Baggle" */ = {
			isa = XCConfigurationList;
			buildConfigurations = (
				140E88192A64B627005119F8 /* Debug */,
				140E881A2A64B627005119F8 /* Release */,
			);
			defaultConfigurationIsVisible = 0;
			defaultConfigurationName = Release;
		};
		140E881B2A64B627005119F8 /* Build configuration list for PBXNativeTarget "Baggle" */ = {
			isa = XCConfigurationList;
			buildConfigurations = (
				140E881C2A64B627005119F8 /* Debug */,
				140E881D2A64B627005119F8 /* Release */,
			);
			defaultConfigurationIsVisible = 0;
			defaultConfigurationName = Release;
		};
/* End XCConfigurationList section */

/* Begin XCRemoteSwiftPackageReference section */
		140E881E2A64C3A8005119F8 /* XCRemoteSwiftPackageReference "swift-composable-architecture" */ = {
			isa = XCRemoteSwiftPackageReference;
			repositoryURL = "https://github.com/pointfreeco/swift-composable-architecture";
			requirement = {
				kind = upToNextMajorVersion;
				minimumVersion = 0.55.1;
			};
		};
		140E88212A64C3C2005119F8 /* XCRemoteSwiftPackageReference "Moya" */ = {
			isa = XCRemoteSwiftPackageReference;
			repositoryURL = "https://github.com/Moya/Moya";
			requirement = {
				kind = upToNextMajorVersion;
				minimumVersion = 15.0.0;
			};
		};
/* End XCRemoteSwiftPackageReference section */

/* Begin XCSwiftPackageProductDependency section */
		140E881F2A64C3A8005119F8 /* ComposableArchitecture */ = {
			isa = XCSwiftPackageProductDependency;
			package = 140E881E2A64C3A8005119F8 /* XCRemoteSwiftPackageReference "swift-composable-architecture" */;
			productName = ComposableArchitecture;
		};
		140E88222A64C3C2005119F8 /* CombineMoya */ = {
			isa = XCSwiftPackageProductDependency;
			package = 140E88212A64C3C2005119F8 /* XCRemoteSwiftPackageReference "Moya" */;
			productName = CombineMoya;
		};
		140E88242A64C3C2005119F8 /* Moya */ = {
			isa = XCSwiftPackageProductDependency;
			package = 140E88212A64C3C2005119F8 /* XCRemoteSwiftPackageReference "Moya" */;
			productName = Moya;
		};
/* End XCSwiftPackageProductDependency section */
	};
	rootObject = 140E88052A64B626005119F8 /* Project object */;
}
